// !$*UTF8*$!
{
	archiveVersion = 1;
	classes = {
	};
	objectVersion = 46;
	objects = {

/* Begin PBXBuildFile section */
		74372EC7179FC547004DB591 /* UIKit.framework in Frameworks */ = {isa = PBXBuildFile; fileRef = 74372EC6179FC547004DB591 /* UIKit.framework */; };
		74372EC9179FC547004DB591 /* Foundation.framework in Frameworks */ = {isa = PBXBuildFile; fileRef = 74372EC8179FC547004DB591 /* Foundation.framework */; };
		74372ECB179FC547004DB591 /* CoreGraphics.framework in Frameworks */ = {isa = PBXBuildFile; fileRef = 74372ECA179FC547004DB591 /* CoreGraphics.framework */; };
		74372ED1179FC547004DB591 /* InfoPlist.strings in Resources */ = {isa = PBXBuildFile; fileRef = 74372ECF179FC547004DB591 /* InfoPlist.strings */; };
		74372ED3179FC547004DB591 /* main.m in Sources */ = {isa = PBXBuildFile; fileRef = 74372ED2179FC547004DB591 /* main.m */; };
		74372ED7179FC547004DB591 /* STPAppDelegate.m in Sources */ = {isa = PBXBuildFile; fileRef = 74372ED6179FC547004DB591 /* STPAppDelegate.m */; };
		74372ED9179FC547004DB591 /* Default.png in Resources */ = {isa = PBXBuildFile; fileRef = 74372ED8179FC547004DB591 /* Default.png */; };
		74372EDB179FC547004DB591 /* Default@2x.png in Resources */ = {isa = PBXBuildFile; fileRef = 74372EDA179FC547004DB591 /* Default@2x.png */; };
		74372EDD179FC547004DB591 /* Default-568h@2x.png in Resources */ = {isa = PBXBuildFile; fileRef = 74372EDC179FC547004DB591 /* Default-568h@2x.png */; };
		74372EE0179FC547004DB591 /* MainStoryboard.storyboard in Resources */ = {isa = PBXBuildFile; fileRef = 74372EDE179FC547004DB591 /* MainStoryboard.storyboard */; };
		74372EF1179FC6CF004DB591 /* STPAuthViewController.m in Sources */ = {isa = PBXBuildFile; fileRef = 74372EF0179FC6CF004DB591 /* STPAuthViewController.m */; };
		74372EF7179FC98E004DB591 /* bg-568h@2x.png in Resources */ = {isa = PBXBuildFile; fileRef = 74372EF4179FC98E004DB591 /* bg-568h@2x.png */; };
		74372EF8179FC98E004DB591 /* bg.png in Resources */ = {isa = PBXBuildFile; fileRef = 74372EF5179FC98E004DB591 /* bg.png */; };
		74372EF9179FC98E004DB591 /* bg@2x.png in Resources */ = {isa = PBXBuildFile; fileRef = 74372EF6179FC98E004DB591 /* bg@2x.png */; };
		74372EFC179FCD7E004DB591 /* input_field_bg.png in Resources */ = {isa = PBXBuildFile; fileRef = 74372EFA179FCD7E004DB591 /* input_field_bg.png */; };
		74372EFD179FCD7E004DB591 /* input_field_bg@2x.png in Resources */ = {isa = PBXBuildFile; fileRef = 74372EFB179FCD7E004DB591 /* input_field_bg@2x.png */; };
		74372F00179FCE9E004DB591 /* submit.png in Resources */ = {isa = PBXBuildFile; fileRef = 74372EFE179FCE9E004DB591 /* submit.png */; };
		74372F01179FCE9E004DB591 /* submit@2x.png in Resources */ = {isa = PBXBuildFile; fileRef = 74372EFF179FCE9E004DB591 /* submit@2x.png */; };
		74372F13179FD41C004DB591 /* QuartzCore.framework in Frameworks */ = {isa = PBXBuildFile; fileRef = 74372F12179FD41C004DB591 /* QuartzCore.framework */; };
		74372F18179FD6CD004DB591 /* STPSignUpViewController.m in Sources */ = {isa = PBXBuildFile; fileRef = 74372F17179FD6CD004DB591 /* STPSignUpViewController.m */; };
		74372F4E179FDADA004DB591 /* STPHomeViewController.m in Sources */ = {isa = PBXBuildFile; fileRef = 74372F4D179FDADA004DB591 /* STPHomeViewController.m */; };
		74372F51179FE341004DB591 /* back_button.png in Resources */ = {isa = PBXBuildFile; fileRef = 74372F4F179FE341004DB591 /* back_button.png */; };
		74372F52179FE341004DB591 /* back_button@2x.png in Resources */ = {isa = PBXBuildFile; fileRef = 74372F50179FE341004DB591 /* back_button@2x.png */; };
		74372F64179FF12F004DB591 /* libRestKit.a in Frameworks */ = {isa = PBXBuildFile; fileRef = 74372F5B179FF067004DB591 /* libRestKit.a */; };
		74372F66179FF141004DB591 /* CFNetwork.framework in Frameworks */ = {isa = PBXBuildFile; fileRef = 74372F65179FF141004DB591 /* CFNetwork.framework */; };
		74372F68179FF148004DB591 /* CoreData.framework in Frameworks */ = {isa = PBXBuildFile; fileRef = 74372F67179FF148004DB591 /* CoreData.framework */; };
		74372F6A179FF150004DB591 /* MobileCoreServices.framework in Frameworks */ = {isa = PBXBuildFile; fileRef = 74372F69179FF150004DB591 /* MobileCoreServices.framework */; };
		74372F6C179FF158004DB591 /* Security.framework in Frameworks */ = {isa = PBXBuildFile; fileRef = 74372F6B179FF158004DB591 /* Security.framework */; };
		74372F6E179FF15D004DB591 /* SystemConfiguration.framework in Frameworks */ = {isa = PBXBuildFile; fileRef = 74372F6D179FF15D004DB591 /* SystemConfiguration.framework */; };
		74372F7B179FF3E5004DB591 /* STPErrorInfo.m in Sources */ = {isa = PBXBuildFile; fileRef = 74372F7A179FF3E5004DB591 /* STPErrorInfo.m */; };
		74372F7E179FF3FF004DB591 /* STPDataModel.xcdatamodeld in Sources */ = {isa = PBXBuildFile; fileRef = 74372F7C179FF3FF004DB591 /* STPDataModel.xcdatamodeld */; };
		74372F85179FF917004DB591 /* NSString+Utilities.m in Sources */ = {isa = PBXBuildFile; fileRef = 74372F84179FF917004DB591 /* NSString+Utilities.m */; };
		74372FFA17A010DF004DB591 /* STPProfileViewController.m in Sources */ = {isa = PBXBuildFile; fileRef = 74372FF917A010DF004DB591 /* STPProfileViewController.m */; };
		7437300417A03094004DB591 /* bio.png in Resources */ = {isa = PBXBuildFile; fileRef = 74372FFC17A03094004DB591 /* bio.png */; };
		7437300517A03094004DB591 /* bio@2x.png in Resources */ = {isa = PBXBuildFile; fileRef = 74372FFD17A03094004DB591 /* bio@2x.png */; };
		7437300617A03094004DB591 /* email.png in Resources */ = {isa = PBXBuildFile; fileRef = 74372FFE17A03094004DB591 /* email.png */; };
		7437300717A03094004DB591 /* email@2x.png in Resources */ = {isa = PBXBuildFile; fileRef = 74372FFF17A03094004DB591 /* email@2x.png */; };
		7437300817A03094004DB591 /* password.png in Resources */ = {isa = PBXBuildFile; fileRef = 7437300017A03094004DB591 /* password.png */; };
		7437300917A03094004DB591 /* password@2x.png in Resources */ = {isa = PBXBuildFile; fileRef = 7437300117A03094004DB591 /* password@2x.png */; };
		7437300A17A03094004DB591 /* user.png in Resources */ = {isa = PBXBuildFile; fileRef = 7437300217A03094004DB591 /* user.png */; };
		7437300B17A03094004DB591 /* user@2x.png in Resources */ = {isa = PBXBuildFile; fileRef = 7437300317A03094004DB591 /* user@2x.png */; };
		7437300E17A03B73004DB591 /* STPDataProxy.m in Sources */ = {isa = PBXBuildFile; fileRef = 7437300D17A03B73004DB591 /* STPDataProxy.m */; };
		7437301317A0412D004DB591 /* logout.png in Resources */ = {isa = PBXBuildFile; fileRef = 7437301117A0412D004DB591 /* logout.png */; };
		7437301417A0412D004DB591 /* logout@2x.png in Resources */ = {isa = PBXBuildFile; fileRef = 7437301217A0412D004DB591 /* logout@2x.png */; };
		7437301717A056E6004DB591 /* avatar_border.png in Resources */ = {isa = PBXBuildFile; fileRef = 7437301517A056E6004DB591 /* avatar_border.png */; };
		7437301817A056E6004DB591 /* avatar_border@2x.png in Resources */ = {isa = PBXBuildFile; fileRef = 7437301617A056E6004DB591 /* avatar_border@2x.png */; };
		7437301B17A05947004DB591 /* default_avatar.png in Resources */ = {isa = PBXBuildFile; fileRef = 7437301917A05947004DB591 /* default_avatar.png */; };
		7437301C17A05947004DB591 /* default_avatar@2x.png in Resources */ = {isa = PBXBuildFile; fileRef = 7437301A17A05947004DB591 /* default_avatar@2x.png */; };
		7437302417A05BD2004DB591 /* DAPageIndicatorView.m in Sources */ = {isa = PBXBuildFile; fileRef = 7437301F17A05BD2004DB591 /* DAPageIndicatorView.m */; };
		7437302517A05BD2004DB591 /* DAPagesContainer.m in Sources */ = {isa = PBXBuildFile; fileRef = 7437302117A05BD2004DB591 /* DAPagesContainer.m */; };
		7437302617A05BD2004DB591 /* DAPagesContainerTopBar.m in Sources */ = {isa = PBXBuildFile; fileRef = 7437302317A05BD2004DB591 /* DAPagesContainerTopBar.m */; };
		7437302A17A06569004DB591 /* tabbar_bg.png in Resources */ = {isa = PBXBuildFile; fileRef = 7437302817A06569004DB591 /* tabbar_bg.png */; };
		7437302B17A06569004DB591 /* tabbar_bg@2x.png in Resources */ = {isa = PBXBuildFile; fileRef = 7437302917A06569004DB591 /* tabbar_bg@2x.png */; };
		7437302E17A066B6004DB591 /* tabbar_selection.png in Resources */ = {isa = PBXBuildFile; fileRef = 7437302C17A066B6004DB591 /* tabbar_selection.png */; };
		7437302F17A066B6004DB591 /* tabbar_selection@2x.png in Resources */ = {isa = PBXBuildFile; fileRef = 7437302D17A066B6004DB591 /* tabbar_selection@2x.png */; };
		74A190BA17A089BA00AD4FA8 /* STPPostsViewController.m in Sources */ = {isa = PBXBuildFile; fileRef = 74A190B917A089BA00AD4FA8 /* STPPostsViewController.m */; };
		74A190BE17A08C9500AD4FA8 /* STPPostViewCell.m in Sources */ = {isa = PBXBuildFile; fileRef = 74A190BD17A08C9500AD4FA8 /* STPPostViewCell.m */; };
		74A190C017A08CA600AD4FA8 /* STPPostViewCell.xib in Resources */ = {isa = PBXBuildFile; fileRef = 74A190BF17A08CA600AD4FA8 /* STPPostViewCell.xib */; };
		74A190C317A08F5D00AD4FA8 /* STPPostInfo+Additions.m in Sources */ = {isa = PBXBuildFile; fileRef = 74A190C217A08F5D00AD4FA8 /* STPPostInfo+Additions.m */; };
		74A190D317A0A0A300AD4FA8 /* new_post.png in Resources */ = {isa = PBXBuildFile; fileRef = 74A190D117A0A0A300AD4FA8 /* new_post.png */; };
		74A190D417A0A0A300AD4FA8 /* new_post@2x.png in Resources */ = {isa = PBXBuildFile; fileRef = 74A190D217A0A0A300AD4FA8 /* new_post@2x.png */; };
		74A190D817A0A7A800AD4FA8 /* XCDFormInputAccessoryView.m in Sources */ = {isa = PBXBuildFile; fileRef = 74A190D717A0A7A800AD4FA8 /* XCDFormInputAccessoryView.m */; };
		74A190DC17A0A7E600AD4FA8 /* STPPostComposerViewController.m in Sources */ = {isa = PBXBuildFile; fileRef = 74A190DB17A0A7E600AD4FA8 /* STPPostComposerViewController.m */; };
		74A190F017A0AE6F00AD4FA8 /* HTProgressHUD.m in Sources */ = {isa = PBXBuildFile; fileRef = 74A190E317A0AE6F00AD4FA8 /* HTProgressHUD.m */; };
		74A190F117A0AE6F00AD4FA8 /* HTProgressHUDAnimation.m in Sources */ = {isa = PBXBuildFile; fileRef = 74A190E517A0AE6F00AD4FA8 /* HTProgressHUDAnimation.m */; };
		74A190F217A0AE6F00AD4FA8 /* HTProgressHUDFadeAnimation.m in Sources */ = {isa = PBXBuildFile; fileRef = 74A190E717A0AE6F00AD4FA8 /* HTProgressHUDFadeAnimation.m */; };
		74A190F317A0AE6F00AD4FA8 /* HTProgressHUDFadeZoomAnimation.m in Sources */ = {isa = PBXBuildFile; fileRef = 74A190E917A0AE6F00AD4FA8 /* HTProgressHUDFadeZoomAnimation.m */; };
		74A190F417A0AE6F00AD4FA8 /* HTProgressHUDIndicatorView.m in Sources */ = {isa = PBXBuildFile; fileRef = 74A190EB17A0AE6F00AD4FA8 /* HTProgressHUDIndicatorView.m */; };
		74A190F517A0AE6F00AD4FA8 /* HTProgressHUDPieIndicatorView.m in Sources */ = {isa = PBXBuildFile; fileRef = 74A190ED17A0AE6F00AD4FA8 /* HTProgressHUDPieIndicatorView.m */; };
		74A190F617A0AE6F00AD4FA8 /* HTProgressHUDRingIndicatorView.m in Sources */ = {isa = PBXBuildFile; fileRef = 74A190EF17A0AE6F00AD4FA8 /* HTProgressHUDRingIndicatorView.m */; };
		74A1910517A0B21F00AD4FA8 /* STPSubscriptionInfo.m in Sources */ = {isa = PBXBuildFile; fileRef = 74A1910417A0B21F00AD4FA8 /* STPSubscriptionInfo.m */; };
		74A1910817A0B21F00AD4FA8 /* STPUserInfo.m in Sources */ = {isa = PBXBuildFile; fileRef = 74A1910717A0B21F00AD4FA8 /* STPUserInfo.m */; };
		74A1910B17A0B22000AD4FA8 /* STPTopicInfo.m in Sources */ = {isa = PBXBuildFile; fileRef = 74A1910A17A0B22000AD4FA8 /* STPTopicInfo.m */; };
		74A1910E17A0B22000AD4FA8 /* STPPostInfo.m in Sources */ = {isa = PBXBuildFile; fileRef = 74A1910D17A0B22000AD4FA8 /* STPPostInfo.m */; };
		74A1911F17A0BD4700AD4FA8 /* AbstractActionSheetPicker.m in Sources */ = {isa = PBXBuildFile; fileRef = 74A1911317A0BD4700AD4FA8 /* AbstractActionSheetPicker.m */; };
		74A1912017A0BD4700AD4FA8 /* ActionSheetCustomPicker.m in Sources */ = {isa = PBXBuildFile; fileRef = 74A1911517A0BD4700AD4FA8 /* ActionSheetCustomPicker.m */; };
		74A1912117A0BD4700AD4FA8 /* ActionSheetDatePicker.m in Sources */ = {isa = PBXBuildFile; fileRef = 74A1911817A0BD4700AD4FA8 /* ActionSheetDatePicker.m */; };
		74A1912217A0BD4700AD4FA8 /* ActionSheetDistancePicker.m in Sources */ = {isa = PBXBuildFile; fileRef = 74A1911A17A0BD4700AD4FA8 /* ActionSheetDistancePicker.m */; };
		74A1912317A0BD4700AD4FA8 /* ActionSheetStringPicker.m in Sources */ = {isa = PBXBuildFile; fileRef = 74A1911C17A0BD4700AD4FA8 /* ActionSheetStringPicker.m */; };
		74A1912417A0BD4700AD4FA8 /* DistancePickerView.m in Sources */ = {isa = PBXBuildFile; fileRef = 74A1911E17A0BD4700AD4FA8 /* DistancePickerView.m */; };
		74A1912717A0C9D400AD4FA8 /* subscribtions.png in Resources */ = {isa = PBXBuildFile; fileRef = 74A1912517A0C9D400AD4FA8 /* subscribtions.png */; };
		74A1912817A0C9D400AD4FA8 /* subscribtions@2x.png in Resources */ = {isa = PBXBuildFile; fileRef = 74A1912617A0C9D400AD4FA8 /* subscribtions@2x.png */; };
		74A1912B17A0CAEA00AD4FA8 /* profile_tab.png in Resources */ = {isa = PBXBuildFile; fileRef = 74A1912917A0CAEA00AD4FA8 /* profile_tab.png */; };
		74A1912C17A0CAEA00AD4FA8 /* profile_tab@2x.png in Resources */ = {isa = PBXBuildFile; fileRef = 74A1912A17A0CAEA00AD4FA8 /* profile_tab@2x.png */; };
		74A1912F17A0CCDF00AD4FA8 /* home_tab.png in Resources */ = {isa = PBXBuildFile; fileRef = 74A1912D17A0CCDF00AD4FA8 /* home_tab.png */; };
		74A1913017A0CCDF00AD4FA8 /* home_tab@2x.png in Resources */ = {isa = PBXBuildFile; fileRef = 74A1912E17A0CCDF00AD4FA8 /* home_tab@2x.png */; };
		74A1913417A0CDB100AD4FA8 /* STPSubscriptionsViewController.m in Sources */ = {isa = PBXBuildFile; fileRef = 74A1913317A0CDB100AD4FA8 /* STPSubscriptionsViewController.m */; };
		74A1914717A0D16700AD4FA8 /* MOOCreateView.m in Sources */ = {isa = PBXBuildFile; fileRef = 74A1913717A0D16700AD4FA8 /* MOOCreateView.m */; };
		74A1914817A0D16700AD4FA8 /* MOOPullGestureRecognizer.m in Sources */ = {isa = PBXBuildFile; fileRef = 74A1913917A0D16700AD4FA8 /* MOOPullGestureRecognizer.m */; };
		74A1914917A0D16700AD4FA8 /* MOORefreshView.m in Sources */ = {isa = PBXBuildFile; fileRef = 74A1913C17A0D16700AD4FA8 /* MOORefreshView.m */; };
		74A1914A17A0D16700AD4FA8 /* Arrow-Bucket.png in Resources */ = {isa = PBXBuildFile; fileRef = 74A1913F17A0D16700AD4FA8 /* Arrow-Bucket.png */; };
		74A1914B17A0D16700AD4FA8 /* Arrow-Bucket@2x.png in Resources */ = {isa = PBXBuildFile; fileRef = 74A1914017A0D16700AD4FA8 /* Arrow-Bucket@2x.png */; };
		74A1914C17A0D16700AD4FA8 /* Circle-Arrow.png in Resources */ = {isa = PBXBuildFile; fileRef = 74A1914117A0D16700AD4FA8 /* Circle-Arrow.png */; };
		74A1914D17A0D16700AD4FA8 /* Circle-Arrow@2x.png in Resources */ = {isa = PBXBuildFile; fileRef = 74A1914217A0D16700AD4FA8 /* Circle-Arrow@2x.png */; };
		74A1914E17A0D16700AD4FA8 /* MOOPullGesture.strings in Resources */ = {isa = PBXBuildFile; fileRef = 74A1914317A0D16700AD4FA8 /* MOOPullGesture.strings */; };
		74A1915217A0D55900AD4FA8 /* STPSubscriptionComposerViewController.m in Sources */ = {isa = PBXBuildFile; fileRef = 74A1915117A0D55900AD4FA8 /* STPSubscriptionComposerViewController.m */; };
/* End PBXBuildFile section */

/* Begin PBXContainerItemProxy section */
		74372F5A179FF067004DB591 /* PBXContainerItemProxy */ = {
			isa = PBXContainerItemProxy;
			containerPortal = 74372F53179FF067004DB591 /* RestKit.xcodeproj */;
			proxyType = 2;
			remoteGlobalIDString = 25160D1614564E810060A5C5;
			remoteInfo = RestKit;
		};
		74372F5C179FF067004DB591 /* PBXContainerItemProxy */ = {
			isa = PBXContainerItemProxy;
			containerPortal = 74372F53179FF067004DB591 /* RestKit.xcodeproj */;
			proxyType = 2;
			remoteGlobalIDString = 25160D2614564E820060A5C5;
			remoteInfo = RestKitTests;
		};
		74372F5E179FF067004DB591 /* PBXContainerItemProxy */ = {
			isa = PBXContainerItemProxy;
			containerPortal = 74372F53179FF067004DB591 /* RestKit.xcodeproj */;
			proxyType = 2;
			remoteGlobalIDString = 25160E62145651060060A5C5;
			remoteInfo = RestKitFramework;
		};
		74372F60179FF067004DB591 /* PBXContainerItemProxy */ = {
			isa = PBXContainerItemProxy;
			containerPortal = 74372F53179FF067004DB591 /* RestKit.xcodeproj */;
			proxyType = 2;
			remoteGlobalIDString = 25160E78145651060060A5C5;
			remoteInfo = RestKitFrameworkTests;
		};
		74372F62179FF126004DB591 /* PBXContainerItemProxy */ = {
			isa = PBXContainerItemProxy;
			containerPortal = 74372F53179FF067004DB591 /* RestKit.xcodeproj */;
			proxyType = 1;
			remoteGlobalIDString = 25160D1514564E810060A5C5;
			remoteInfo = RestKit;
		};
/* End PBXContainerItemProxy section */

/* Begin PBXFileReference section */
		74372EC3179FC547004DB591 /* Sutapu.app */ = {isa = PBXFileReference; explicitFileType = wrapper.application; includeInIndex = 0; path = Sutapu.app; sourceTree = BUILT_PRODUCTS_DIR; };
		74372EC6179FC547004DB591 /* UIKit.framework */ = {isa = PBXFileReference; lastKnownFileType = wrapper.framework; name = UIKit.framework; path = System/Library/Frameworks/UIKit.framework; sourceTree = SDKROOT; };
		74372EC8179FC547004DB591 /* Foundation.framework */ = {isa = PBXFileReference; lastKnownFileType = wrapper.framework; name = Foundation.framework; path = System/Library/Frameworks/Foundation.framework; sourceTree = SDKROOT; };
		74372ECA179FC547004DB591 /* CoreGraphics.framework */ = {isa = PBXFileReference; lastKnownFileType = wrapper.framework; name = CoreGraphics.framework; path = System/Library/Frameworks/CoreGraphics.framework; sourceTree = SDKROOT; };
		74372ECE179FC547004DB591 /* Sutapu-Info.plist */ = {isa = PBXFileReference; lastKnownFileType = text.plist.xml; path = "Sutapu-Info.plist"; sourceTree = "<group>"; };
		74372ED0179FC547004DB591 /* en */ = {isa = PBXFileReference; lastKnownFileType = text.plist.strings; name = en; path = en.lproj/InfoPlist.strings; sourceTree = "<group>"; };
		74372ED2179FC547004DB591 /* main.m */ = {isa = PBXFileReference; lastKnownFileType = sourcecode.c.objc; path = main.m; sourceTree = "<group>"; };
		74372ED4179FC547004DB591 /* Sutapu-Prefix.pch */ = {isa = PBXFileReference; lastKnownFileType = sourcecode.c.h; path = "Sutapu-Prefix.pch"; sourceTree = "<group>"; };
		74372ED5179FC547004DB591 /* STPAppDelegate.h */ = {isa = PBXFileReference; lastKnownFileType = sourcecode.c.h; path = STPAppDelegate.h; sourceTree = "<group>"; };
		74372ED6179FC547004DB591 /* STPAppDelegate.m */ = {isa = PBXFileReference; lastKnownFileType = sourcecode.c.objc; path = STPAppDelegate.m; sourceTree = "<group>"; };
		74372ED8179FC547004DB591 /* Default.png */ = {isa = PBXFileReference; lastKnownFileType = image.png; path = Default.png; sourceTree = "<group>"; };
		74372EDA179FC547004DB591 /* Default@2x.png */ = {isa = PBXFileReference; lastKnownFileType = image.png; path = "Default@2x.png"; sourceTree = "<group>"; };
		74372EDC179FC547004DB591 /* Default-568h@2x.png */ = {isa = PBXFileReference; lastKnownFileType = image.png; path = "Default-568h@2x.png"; sourceTree = "<group>"; };
		74372EDF179FC547004DB591 /* en */ = {isa = PBXFileReference; lastKnownFileType = file.storyboard; name = en; path = en.lproj/MainStoryboard.storyboard; sourceTree = "<group>"; };
		74372EEF179FC6CF004DB591 /* STPAuthViewController.h */ = {isa = PBXFileReference; fileEncoding = 4; lastKnownFileType = sourcecode.c.h; path = STPAuthViewController.h; sourceTree = "<group>"; };
		74372EF0179FC6CF004DB591 /* STPAuthViewController.m */ = {isa = PBXFileReference; fileEncoding = 4; lastKnownFileType = sourcecode.c.objc; path = STPAuthViewController.m; sourceTree = "<group>"; };
		74372EF4179FC98E004DB591 /* bg-568h@2x.png */ = {isa = PBXFileReference; lastKnownFileType = image.png; path = "bg-568h@2x.png"; sourceTree = "<group>"; };
		74372EF5179FC98E004DB591 /* bg.png */ = {isa = PBXFileReference; lastKnownFileType = image.png; path = bg.png; sourceTree = "<group>"; };
		74372EF6179FC98E004DB591 /* bg@2x.png */ = {isa = PBXFileReference; lastKnownFileType = image.png; path = "bg@2x.png"; sourceTree = "<group>"; };
		74372EFA179FCD7E004DB591 /* input_field_bg.png */ = {isa = PBXFileReference; lastKnownFileType = image.png; path = input_field_bg.png; sourceTree = "<group>"; };
		74372EFB179FCD7E004DB591 /* input_field_bg@2x.png */ = {isa = PBXFileReference; lastKnownFileType = image.png; path = "input_field_bg@2x.png"; sourceTree = "<group>"; };
		74372EFE179FCE9E004DB591 /* submit.png */ = {isa = PBXFileReference; lastKnownFileType = image.png; path = submit.png; sourceTree = "<group>"; };
		74372EFF179FCE9E004DB591 /* submit@2x.png */ = {isa = PBXFileReference; lastKnownFileType = image.png; path = "submit@2x.png"; sourceTree = "<group>"; };
		74372F12179FD41C004DB591 /* QuartzCore.framework */ = {isa = PBXFileReference; lastKnownFileType = wrapper.framework; name = QuartzCore.framework; path = System/Library/Frameworks/QuartzCore.framework; sourceTree = SDKROOT; };
		74372F16179FD6CD004DB591 /* STPSignUpViewController.h */ = {isa = PBXFileReference; fileEncoding = 4; lastKnownFileType = sourcecode.c.h; path = STPSignUpViewController.h; sourceTree = "<group>"; };
		74372F17179FD6CD004DB591 /* STPSignUpViewController.m */ = {isa = PBXFileReference; fileEncoding = 4; lastKnownFileType = sourcecode.c.objc; path = STPSignUpViewController.m; sourceTree = "<group>"; };
		74372F4C179FDADA004DB591 /* STPHomeViewController.h */ = {isa = PBXFileReference; fileEncoding = 4; lastKnownFileType = sourcecode.c.h; path = STPHomeViewController.h; sourceTree = "<group>"; };
		74372F4D179FDADA004DB591 /* STPHomeViewController.m */ = {isa = PBXFileReference; fileEncoding = 4; lastKnownFileType = sourcecode.c.objc; path = STPHomeViewController.m; sourceTree = "<group>"; };
		74372F4F179FE341004DB591 /* back_button.png */ = {isa = PBXFileReference; lastKnownFileType = image.png; path = back_button.png; sourceTree = "<group>"; };
		74372F50179FE341004DB591 /* back_button@2x.png */ = {isa = PBXFileReference; lastKnownFileType = image.png; path = "back_button@2x.png"; sourceTree = "<group>"; };
		74372F53179FF067004DB591 /* RestKit.xcodeproj */ = {isa = PBXFileReference; lastKnownFileType = "wrapper.pb-project"; name = RestKit.xcodeproj; path = RestKit/RestKit.xcodeproj; sourceTree = "<group>"; };
		74372F65179FF141004DB591 /* CFNetwork.framework */ = {isa = PBXFileReference; lastKnownFileType = wrapper.framework; name = CFNetwork.framework; path = System/Library/Frameworks/CFNetwork.framework; sourceTree = SDKROOT; };
		74372F67179FF148004DB591 /* CoreData.framework */ = {isa = PBXFileReference; lastKnownFileType = wrapper.framework; name = CoreData.framework; path = System/Library/Frameworks/CoreData.framework; sourceTree = SDKROOT; };
		74372F69179FF150004DB591 /* MobileCoreServices.framework */ = {isa = PBXFileReference; lastKnownFileType = wrapper.framework; name = MobileCoreServices.framework; path = System/Library/Frameworks/MobileCoreServices.framework; sourceTree = SDKROOT; };
		74372F6B179FF158004DB591 /* Security.framework */ = {isa = PBXFileReference; lastKnownFileType = wrapper.framework; name = Security.framework; path = System/Library/Frameworks/Security.framework; sourceTree = SDKROOT; };
		74372F6D179FF15D004DB591 /* SystemConfiguration.framework */ = {isa = PBXFileReference; lastKnownFileType = wrapper.framework; name = SystemConfiguration.framework; path = System/Library/Frameworks/SystemConfiguration.framework; sourceTree = SDKROOT; };
		74372F71179FF2DD004DB591 /* Constants.h */ = {isa = PBXFileReference; lastKnownFileType = sourcecode.c.h; path = Constants.h; sourceTree = "<group>"; };
		74372F79179FF3E5004DB591 /* STPErrorInfo.h */ = {isa = PBXFileReference; fileEncoding = 4; lastKnownFileType = sourcecode.c.h; path = STPErrorInfo.h; sourceTree = "<group>"; };
		74372F7A179FF3E5004DB591 /* STPErrorInfo.m */ = {isa = PBXFileReference; fileEncoding = 4; lastKnownFileType = sourcecode.c.objc; path = STPErrorInfo.m; sourceTree = "<group>"; };
		74372F7D179FF3FF004DB591 /* STPDataModel.xcdatamodel */ = {isa = PBXFileReference; lastKnownFileType = wrapper.xcdatamodel; path = STPDataModel.xcdatamodel; sourceTree = "<group>"; };
		74372F83179FF917004DB591 /* NSString+Utilities.h */ = {isa = PBXFileReference; fileEncoding = 4; lastKnownFileType = sourcecode.c.h; path = "NSString+Utilities.h"; sourceTree = "<group>"; };
		74372F84179FF917004DB591 /* NSString+Utilities.m */ = {isa = PBXFileReference; fileEncoding = 4; lastKnownFileType = sourcecode.c.objc; path = "NSString+Utilities.m"; sourceTree = "<group>"; };
		74372FE617A004D5004DB591 /* STPAuthDelegate.h */ = {isa = PBXFileReference; fileEncoding = 4; lastKnownFileType = sourcecode.c.h; path = STPAuthDelegate.h; sourceTree = "<group>"; };
		74372FF817A010DF004DB591 /* STPProfileViewController.h */ = {isa = PBXFileReference; fileEncoding = 4; lastKnownFileType = sourcecode.c.h; path = STPProfileViewController.h; sourceTree = "<group>"; };
		74372FF917A010DF004DB591 /* STPProfileViewController.m */ = {isa = PBXFileReference; fileEncoding = 4; lastKnownFileType = sourcecode.c.objc; path = STPProfileViewController.m; sourceTree = "<group>"; };
		74372FFC17A03094004DB591 /* bio.png */ = {isa = PBXFileReference; lastKnownFileType = image.png; path = bio.png; sourceTree = "<group>"; };
		74372FFD17A03094004DB591 /* bio@2x.png */ = {isa = PBXFileReference; lastKnownFileType = image.png; path = "bio@2x.png"; sourceTree = "<group>"; };
		74372FFE17A03094004DB591 /* email.png */ = {isa = PBXFileReference; lastKnownFileType = image.png; path = email.png; sourceTree = "<group>"; };
		74372FFF17A03094004DB591 /* email@2x.png */ = {isa = PBXFileReference; lastKnownFileType = image.png; path = "email@2x.png"; sourceTree = "<group>"; };
		7437300017A03094004DB591 /* password.png */ = {isa = PBXFileReference; lastKnownFileType = image.png; path = password.png; sourceTree = "<group>"; };
		7437300117A03094004DB591 /* password@2x.png */ = {isa = PBXFileReference; lastKnownFileType = image.png; path = "password@2x.png"; sourceTree = "<group>"; };
		7437300217A03094004DB591 /* user.png */ = {isa = PBXFileReference; lastKnownFileType = image.png; path = user.png; sourceTree = "<group>"; };
		7437300317A03094004DB591 /* user@2x.png */ = {isa = PBXFileReference; lastKnownFileType = image.png; path = "user@2x.png"; sourceTree = "<group>"; };
		7437300C17A03B73004DB591 /* STPDataProxy.h */ = {isa = PBXFileReference; fileEncoding = 4; lastKnownFileType = sourcecode.c.h; path = STPDataProxy.h; sourceTree = "<group>"; };
		7437300D17A03B73004DB591 /* STPDataProxy.m */ = {isa = PBXFileReference; fileEncoding = 4; lastKnownFileType = sourcecode.c.objc; path = STPDataProxy.m; sourceTree = "<group>"; };
		7437301117A0412D004DB591 /* logout.png */ = {isa = PBXFileReference; lastKnownFileType = image.png; path = logout.png; sourceTree = "<group>"; };
		7437301217A0412D004DB591 /* logout@2x.png */ = {isa = PBXFileReference; lastKnownFileType = image.png; path = "logout@2x.png"; sourceTree = "<group>"; };
		7437301517A056E6004DB591 /* avatar_border.png */ = {isa = PBXFileReference; lastKnownFileType = image.png; path = avatar_border.png; sourceTree = "<group>"; };
		7437301617A056E6004DB591 /* avatar_border@2x.png */ = {isa = PBXFileReference; lastKnownFileType = image.png; path = "avatar_border@2x.png"; sourceTree = "<group>"; };
		7437301917A05947004DB591 /* default_avatar.png */ = {isa = PBXFileReference; lastKnownFileType = image.png; path = default_avatar.png; sourceTree = "<group>"; };
		7437301A17A05947004DB591 /* default_avatar@2x.png */ = {isa = PBXFileReference; lastKnownFileType = image.png; path = "default_avatar@2x.png"; sourceTree = "<group>"; };
		7437301E17A05BD2004DB591 /* DAPageIndicatorView.h */ = {isa = PBXFileReference; fileEncoding = 4; lastKnownFileType = sourcecode.c.h; path = DAPageIndicatorView.h; sourceTree = "<group>"; };
		7437301F17A05BD2004DB591 /* DAPageIndicatorView.m */ = {isa = PBXFileReference; fileEncoding = 4; lastKnownFileType = sourcecode.c.objc; path = DAPageIndicatorView.m; sourceTree = "<group>"; };
		7437302017A05BD2004DB591 /* DAPagesContainer.h */ = {isa = PBXFileReference; fileEncoding = 4; lastKnownFileType = sourcecode.c.h; path = DAPagesContainer.h; sourceTree = "<group>"; };
		7437302117A05BD2004DB591 /* DAPagesContainer.m */ = {isa = PBXFileReference; fileEncoding = 4; lastKnownFileType = sourcecode.c.objc; path = DAPagesContainer.m; sourceTree = "<group>"; };
		7437302217A05BD2004DB591 /* DAPagesContainerTopBar.h */ = {isa = PBXFileReference; fileEncoding = 4; lastKnownFileType = sourcecode.c.h; path = DAPagesContainerTopBar.h; sourceTree = "<group>"; };
		7437302317A05BD2004DB591 /* DAPagesContainerTopBar.m */ = {isa = PBXFileReference; fileEncoding = 4; lastKnownFileType = sourcecode.c.objc; path = DAPagesContainerTopBar.m; sourceTree = "<group>"; };
		7437302817A06569004DB591 /* tabbar_bg.png */ = {isa = PBXFileReference; lastKnownFileType = image.png; path = tabbar_bg.png; sourceTree = "<group>"; };
		7437302917A06569004DB591 /* tabbar_bg@2x.png */ = {isa = PBXFileReference; lastKnownFileType = image.png; path = "tabbar_bg@2x.png"; sourceTree = "<group>"; };
		7437302C17A066B6004DB591 /* tabbar_selection.png */ = {isa = PBXFileReference; lastKnownFileType = image.png; path = tabbar_selection.png; sourceTree = "<group>"; };
		7437302D17A066B6004DB591 /* tabbar_selection@2x.png */ = {isa = PBXFileReference; lastKnownFileType = image.png; path = "tabbar_selection@2x.png"; sourceTree = "<group>"; };
		74A190B817A089BA00AD4FA8 /* STPPostsViewController.h */ = {isa = PBXFileReference; fileEncoding = 4; lastKnownFileType = sourcecode.c.h; path = STPPostsViewController.h; sourceTree = "<group>"; };
		74A190B917A089BA00AD4FA8 /* STPPostsViewController.m */ = {isa = PBXFileReference; fileEncoding = 4; lastKnownFileType = sourcecode.c.objc; path = STPPostsViewController.m; sourceTree = "<group>"; };
		74A190BC17A08C9500AD4FA8 /* STPPostViewCell.h */ = {isa = PBXFileReference; fileEncoding = 4; lastKnownFileType = sourcecode.c.h; path = STPPostViewCell.h; sourceTree = "<group>"; };
		74A190BD17A08C9500AD4FA8 /* STPPostViewCell.m */ = {isa = PBXFileReference; fileEncoding = 4; lastKnownFileType = sourcecode.c.objc; path = STPPostViewCell.m; sourceTree = "<group>"; };
		74A190BF17A08CA600AD4FA8 /* STPPostViewCell.xib */ = {isa = PBXFileReference; fileEncoding = 4; lastKnownFileType = file.xib; path = STPPostViewCell.xib; sourceTree = "<group>"; };
		74A190C117A08F5D00AD4FA8 /* STPPostInfo+Additions.h */ = {isa = PBXFileReference; fileEncoding = 4; lastKnownFileType = sourcecode.c.h; path = "STPPostInfo+Additions.h"; sourceTree = "<group>"; };
		74A190C217A08F5D00AD4FA8 /* STPPostInfo+Additions.m */ = {isa = PBXFileReference; fileEncoding = 4; lastKnownFileType = sourcecode.c.objc; path = "STPPostInfo+Additions.m"; sourceTree = "<group>"; };
		74A190D117A0A0A300AD4FA8 /* new_post.png */ = {isa = PBXFileReference; lastKnownFileType = image.png; path = new_post.png; sourceTree = "<group>"; };
		74A190D217A0A0A300AD4FA8 /* new_post@2x.png */ = {isa = PBXFileReference; lastKnownFileType = image.png; path = "new_post@2x.png"; sourceTree = "<group>"; };
		74A190D617A0A7A800AD4FA8 /* XCDFormInputAccessoryView.h */ = {isa = PBXFileReference; fileEncoding = 4; lastKnownFileType = sourcecode.c.h; path = XCDFormInputAccessoryView.h; sourceTree = "<group>"; };
		74A190D717A0A7A800AD4FA8 /* XCDFormInputAccessoryView.m */ = {isa = PBXFileReference; fileEncoding = 4; lastKnownFileType = sourcecode.c.objc; path = XCDFormInputAccessoryView.m; sourceTree = "<group>"; };
		74A190DA17A0A7E600AD4FA8 /* STPPostComposerViewController.h */ = {isa = PBXFileReference; fileEncoding = 4; lastKnownFileType = sourcecode.c.h; path = STPPostComposerViewController.h; sourceTree = "<group>"; };
		74A190DB17A0A7E600AD4FA8 /* STPPostComposerViewController.m */ = {isa = PBXFileReference; fileEncoding = 4; lastKnownFileType = sourcecode.c.objc; path = STPPostComposerViewController.m; sourceTree = "<group>"; };
		74A190E217A0AE6F00AD4FA8 /* HTProgressHUD.h */ = {isa = PBXFileReference; fileEncoding = 4; lastKnownFileType = sourcecode.c.h; path = HTProgressHUD.h; sourceTree = "<group>"; };
		74A190E317A0AE6F00AD4FA8 /* HTProgressHUD.m */ = {isa = PBXFileReference; fileEncoding = 4; lastKnownFileType = sourcecode.c.objc; path = HTProgressHUD.m; sourceTree = "<group>"; };
		74A190E417A0AE6F00AD4FA8 /* HTProgressHUDAnimation.h */ = {isa = PBXFileReference; fileEncoding = 4; lastKnownFileType = sourcecode.c.h; path = HTProgressHUDAnimation.h; sourceTree = "<group>"; };
		74A190E517A0AE6F00AD4FA8 /* HTProgressHUDAnimation.m */ = {isa = PBXFileReference; fileEncoding = 4; lastKnownFileType = sourcecode.c.objc; path = HTProgressHUDAnimation.m; sourceTree = "<group>"; };
		74A190E617A0AE6F00AD4FA8 /* HTProgressHUDFadeAnimation.h */ = {isa = PBXFileReference; fileEncoding = 4; lastKnownFileType = sourcecode.c.h; path = HTProgressHUDFadeAnimation.h; sourceTree = "<group>"; };
		74A190E717A0AE6F00AD4FA8 /* HTProgressHUDFadeAnimation.m */ = {isa = PBXFileReference; fileEncoding = 4; lastKnownFileType = sourcecode.c.objc; path = HTProgressHUDFadeAnimation.m; sourceTree = "<group>"; };
		74A190E817A0AE6F00AD4FA8 /* HTProgressHUDFadeZoomAnimation.h */ = {isa = PBXFileReference; fileEncoding = 4; lastKnownFileType = sourcecode.c.h; path = HTProgressHUDFadeZoomAnimation.h; sourceTree = "<group>"; };
		74A190E917A0AE6F00AD4FA8 /* HTProgressHUDFadeZoomAnimation.m */ = {isa = PBXFileReference; fileEncoding = 4; lastKnownFileType = sourcecode.c.objc; path = HTProgressHUDFadeZoomAnimation.m; sourceTree = "<group>"; };
		74A190EA17A0AE6F00AD4FA8 /* HTProgressHUDIndicatorView.h */ = {isa = PBXFileReference; fileEncoding = 4; lastKnownFileType = sourcecode.c.h; path = HTProgressHUDIndicatorView.h; sourceTree = "<group>"; };
		74A190EB17A0AE6F00AD4FA8 /* HTProgressHUDIndicatorView.m */ = {isa = PBXFileReference; fileEncoding = 4; lastKnownFileType = sourcecode.c.objc; path = HTProgressHUDIndicatorView.m; sourceTree = "<group>"; };
		74A190EC17A0AE6F00AD4FA8 /* HTProgressHUDPieIndicatorView.h */ = {isa = PBXFileReference; fileEncoding = 4; lastKnownFileType = sourcecode.c.h; path = HTProgressHUDPieIndicatorView.h; sourceTree = "<group>"; };
		74A190ED17A0AE6F00AD4FA8 /* HTProgressHUDPieIndicatorView.m */ = {isa = PBXFileReference; fileEncoding = 4; lastKnownFileType = sourcecode.c.objc; path = HTProgressHUDPieIndicatorView.m; sourceTree = "<group>"; };
		74A190EE17A0AE6F00AD4FA8 /* HTProgressHUDRingIndicatorView.h */ = {isa = PBXFileReference; fileEncoding = 4; lastKnownFileType = sourcecode.c.h; path = HTProgressHUDRingIndicatorView.h; sourceTree = "<group>"; };
		74A190EF17A0AE6F00AD4FA8 /* HTProgressHUDRingIndicatorView.m */ = {isa = PBXFileReference; fileEncoding = 4; lastKnownFileType = sourcecode.c.objc; path = HTProgressHUDRingIndicatorView.m; sourceTree = "<group>"; };
		74A1910317A0B21F00AD4FA8 /* STPSubscriptionInfo.h */ = {isa = PBXFileReference; fileEncoding = 4; lastKnownFileType = sourcecode.c.h; path = STPSubscriptionInfo.h; sourceTree = "<group>"; };
		74A1910417A0B21F00AD4FA8 /* STPSubscriptionInfo.m */ = {isa = PBXFileReference; fileEncoding = 4; lastKnownFileType = sourcecode.c.objc; path = STPSubscriptionInfo.m; sourceTree = "<group>"; };
		74A1910617A0B21F00AD4FA8 /* STPUserInfo.h */ = {isa = PBXFileReference; fileEncoding = 4; lastKnownFileType = sourcecode.c.h; path = STPUserInfo.h; sourceTree = "<group>"; };
		74A1910717A0B21F00AD4FA8 /* STPUserInfo.m */ = {isa = PBXFileReference; fileEncoding = 4; lastKnownFileType = sourcecode.c.objc; path = STPUserInfo.m; sourceTree = "<group>"; };
		74A1910917A0B21F00AD4FA8 /* STPTopicInfo.h */ = {isa = PBXFileReference; fileEncoding = 4; lastKnownFileType = sourcecode.c.h; path = STPTopicInfo.h; sourceTree = "<group>"; };
		74A1910A17A0B22000AD4FA8 /* STPTopicInfo.m */ = {isa = PBXFileReference; fileEncoding = 4; lastKnownFileType = sourcecode.c.objc; path = STPTopicInfo.m; sourceTree = "<group>"; };
		74A1910C17A0B22000AD4FA8 /* STPPostInfo.h */ = {isa = PBXFileReference; fileEncoding = 4; lastKnownFileType = sourcecode.c.h; path = STPPostInfo.h; sourceTree = "<group>"; };
		74A1910D17A0B22000AD4FA8 /* STPPostInfo.m */ = {isa = PBXFileReference; fileEncoding = 4; lastKnownFileType = sourcecode.c.objc; path = STPPostInfo.m; sourceTree = "<group>"; };
		74A1911017A0BD4700AD4FA8 /* ActionSheetPicker.h */ = {isa = PBXFileReference; fileEncoding = 4; lastKnownFileType = sourcecode.c.h; path = ActionSheetPicker.h; sourceTree = "<group>"; };
		74A1911217A0BD4700AD4FA8 /* AbstractActionSheetPicker.h */ = {isa = PBXFileReference; fileEncoding = 4; lastKnownFileType = sourcecode.c.h; path = AbstractActionSheetPicker.h; sourceTree = "<group>"; };
		74A1911317A0BD4700AD4FA8 /* AbstractActionSheetPicker.m */ = {isa = PBXFileReference; fileEncoding = 4; lastKnownFileType = sourcecode.c.objc; path = AbstractActionSheetPicker.m; sourceTree = "<group>"; };
		74A1911417A0BD4700AD4FA8 /* ActionSheetCustomPicker.h */ = {isa = PBXFileReference; fileEncoding = 4; lastKnownFileType = sourcecode.c.h; path = ActionSheetCustomPicker.h; sourceTree = "<group>"; };
		74A1911517A0BD4700AD4FA8 /* ActionSheetCustomPicker.m */ = {isa = PBXFileReference; fileEncoding = 4; lastKnownFileType = sourcecode.c.objc; path = ActionSheetCustomPicker.m; sourceTree = "<group>"; };
		74A1911617A0BD4700AD4FA8 /* ActionSheetCustomPickerDelegate.h */ = {isa = PBXFileReference; fileEncoding = 4; lastKnownFileType = sourcecode.c.h; path = ActionSheetCustomPickerDelegate.h; sourceTree = "<group>"; };
		74A1911717A0BD4700AD4FA8 /* ActionSheetDatePicker.h */ = {isa = PBXFileReference; fileEncoding = 4; lastKnownFileType = sourcecode.c.h; path = ActionSheetDatePicker.h; sourceTree = "<group>"; };
		74A1911817A0BD4700AD4FA8 /* ActionSheetDatePicker.m */ = {isa = PBXFileReference; fileEncoding = 4; lastKnownFileType = sourcecode.c.objc; path = ActionSheetDatePicker.m; sourceTree = "<group>"; };
		74A1911917A0BD4700AD4FA8 /* ActionSheetDistancePicker.h */ = {isa = PBXFileReference; fileEncoding = 4; lastKnownFileType = sourcecode.c.h; path = ActionSheetDistancePicker.h; sourceTree = "<group>"; };
		74A1911A17A0BD4700AD4FA8 /* ActionSheetDistancePicker.m */ = {isa = PBXFileReference; fileEncoding = 4; lastKnownFileType = sourcecode.c.objc; path = ActionSheetDistancePicker.m; sourceTree = "<group>"; };
		74A1911B17A0BD4700AD4FA8 /* ActionSheetStringPicker.h */ = {isa = PBXFileReference; fileEncoding = 4; lastKnownFileType = sourcecode.c.h; path = ActionSheetStringPicker.h; sourceTree = "<group>"; };
		74A1911C17A0BD4700AD4FA8 /* ActionSheetStringPicker.m */ = {isa = PBXFileReference; fileEncoding = 4; lastKnownFileType = sourcecode.c.objc; path = ActionSheetStringPicker.m; sourceTree = "<group>"; };
		74A1911D17A0BD4700AD4FA8 /* DistancePickerView.h */ = {isa = PBXFileReference; fileEncoding = 4; lastKnownFileType = sourcecode.c.h; path = DistancePickerView.h; sourceTree = "<group>"; };
		74A1911E17A0BD4700AD4FA8 /* DistancePickerView.m */ = {isa = PBXFileReference; fileEncoding = 4; lastKnownFileType = sourcecode.c.objc; path = DistancePickerView.m; sourceTree = "<group>"; };
		74A1912517A0C9D400AD4FA8 /* subscribtions.png */ = {isa = PBXFileReference; lastKnownFileType = image.png; path = subscribtions.png; sourceTree = "<group>"; };
		74A1912617A0C9D400AD4FA8 /* subscribtions@2x.png */ = {isa = PBXFileReference; lastKnownFileType = image.png; path = "subscribtions@2x.png"; sourceTree = "<group>"; };
		74A1912917A0CAEA00AD4FA8 /* profile_tab.png */ = {isa = PBXFileReference; lastKnownFileType = image.png; path = profile_tab.png; sourceTree = "<group>"; };
		74A1912A17A0CAEA00AD4FA8 /* profile_tab@2x.png */ = {isa = PBXFileReference; lastKnownFileType = image.png; path = "profile_tab@2x.png"; sourceTree = "<group>"; };
		74A1912D17A0CCDF00AD4FA8 /* home_tab.png */ = {isa = PBXFileReference; lastKnownFileType = image.png; path = home_tab.png; sourceTree = "<group>"; };
		74A1912E17A0CCDF00AD4FA8 /* home_tab@2x.png */ = {isa = PBXFileReference; lastKnownFileType = image.png; path = "home_tab@2x.png"; sourceTree = "<group>"; };
		74A1913217A0CDB100AD4FA8 /* STPSubscriptionsViewController.h */ = {isa = PBXFileReference; fileEncoding = 4; lastKnownFileType = sourcecode.c.h; path = STPSubscriptionsViewController.h; sourceTree = "<group>"; };
		74A1913317A0CDB100AD4FA8 /* STPSubscriptionsViewController.m */ = {isa = PBXFileReference; fileEncoding = 4; lastKnownFileType = sourcecode.c.objc; path = STPSubscriptionsViewController.m; sourceTree = "<group>"; };
		74A1913617A0D16700AD4FA8 /* MOOCreateView.h */ = {isa = PBXFileReference; fileEncoding = 4; lastKnownFileType = sourcecode.c.h; path = MOOCreateView.h; sourceTree = "<group>"; };
		74A1913717A0D16700AD4FA8 /* MOOCreateView.m */ = {isa = PBXFileReference; fileEncoding = 4; lastKnownFileType = sourcecode.c.objc; path = MOOCreateView.m; sourceTree = "<group>"; };
		74A1913817A0D16700AD4FA8 /* MOOPullGestureRecognizer.h */ = {isa = PBXFileReference; fileEncoding = 4; lastKnownFileType = sourcecode.c.h; path = MOOPullGestureRecognizer.h; sourceTree = "<group>"; };
		74A1913917A0D16700AD4FA8 /* MOOPullGestureRecognizer.m */ = {isa = PBXFileReference; fileEncoding = 4; lastKnownFileType = sourcecode.c.objc; path = MOOPullGestureRecognizer.m; sourceTree = "<group>"; };
		74A1913A17A0D16700AD4FA8 /* MOOPullGestureRecognizerSubclass.h */ = {isa = PBXFileReference; fileEncoding = 4; lastKnownFileType = sourcecode.c.h; path = MOOPullGestureRecognizerSubclass.h; sourceTree = "<group>"; };
		74A1913B17A0D16700AD4FA8 /* MOORefreshView.h */ = {isa = PBXFileReference; fileEncoding = 4; lastKnownFileType = sourcecode.c.h; path = MOORefreshView.h; sourceTree = "<group>"; };
		74A1913C17A0D16700AD4FA8 /* MOORefreshView.m */ = {isa = PBXFileReference; fileEncoding = 4; lastKnownFileType = sourcecode.c.objc; path = MOORefreshView.m; sourceTree = "<group>"; };
		74A1913D17A0D16700AD4FA8 /* MOOTriggerView.h */ = {isa = PBXFileReference; fileEncoding = 4; lastKnownFileType = sourcecode.c.h; path = MOOTriggerView.h; sourceTree = "<group>"; };
		74A1913F17A0D16700AD4FA8 /* Arrow-Bucket.png */ = {isa = PBXFileReference; lastKnownFileType = image.png; path = "Arrow-Bucket.png"; sourceTree = "<group>"; };
		74A1914017A0D16700AD4FA8 /* Arrow-Bucket@2x.png */ = {isa = PBXFileReference; lastKnownFileType = image.png; path = "Arrow-Bucket@2x.png"; sourceTree = "<group>"; };
		74A1914117A0D16700AD4FA8 /* Circle-Arrow.png */ = {isa = PBXFileReference; lastKnownFileType = image.png; path = "Circle-Arrow.png"; sourceTree = "<group>"; };
		74A1914217A0D16700AD4FA8 /* Circle-Arrow@2x.png */ = {isa = PBXFileReference; lastKnownFileType = image.png; path = "Circle-Arrow@2x.png"; sourceTree = "<group>"; };
		74A1914417A0D16700AD4FA8 /* en */ = {isa = PBXFileReference; lastKnownFileType = text.plist.strings; name = en; path = en.lproj/MOOPullGesture.strings; sourceTree = "<group>"; };
		74A1914517A0D16700AD4FA8 /* es */ = {isa = PBXFileReference; lastKnownFileType = text.plist.strings; name = es; path = es.lproj/MOOPullGesture.strings; sourceTree = "<group>"; };
		74A1914617A0D16700AD4FA8 /* ru */ = {isa = PBXFileReference; lastKnownFileType = text.plist.strings; name = ru; path = ru.lproj/MOOPullGesture.strings; sourceTree = "<group>"; };
		74A1915017A0D55900AD4FA8 /* STPSubscriptionComposerViewController.h */ = {isa = PBXFileReference; fileEncoding = 4; lastKnownFileType = sourcecode.c.h; path = STPSubscriptionComposerViewController.h; sourceTree = "<group>"; };
		74A1915117A0D55900AD4FA8 /* STPSubscriptionComposerViewController.m */ = {isa = PBXFileReference; fileEncoding = 4; lastKnownFileType = sourcecode.c.objc; path = STPSubscriptionComposerViewController.m; sourceTree = "<group>"; };
/* End PBXFileReference section */

/* Begin PBXFrameworksBuildPhase section */
		74372EC0179FC547004DB591 /* Frameworks */ = {
			isa = PBXFrameworksBuildPhase;
			buildActionMask = 2147483647;
			files = (
				74372F6E179FF15D004DB591 /* SystemConfiguration.framework in Frameworks */,
				74372F6C179FF158004DB591 /* Security.framework in Frameworks */,
				74372F6A179FF150004DB591 /* MobileCoreServices.framework in Frameworks */,
				74372F68179FF148004DB591 /* CoreData.framework in Frameworks */,
				74372F66179FF141004DB591 /* CFNetwork.framework in Frameworks */,
				74372F64179FF12F004DB591 /* libRestKit.a in Frameworks */,
				74372F13179FD41C004DB591 /* QuartzCore.framework in Frameworks */,
				74372EC7179FC547004DB591 /* UIKit.framework in Frameworks */,
				74372EC9179FC547004DB591 /* Foundation.framework in Frameworks */,
				74372ECB179FC547004DB591 /* CoreGraphics.framework in Frameworks */,
			);
			runOnlyForDeploymentPostprocessing = 0;
		};
/* End PBXFrameworksBuildPhase section */

/* Begin PBXGroup section */
		74372EBA179FC547004DB591 = {
			isa = PBXGroup;
			children = (
				74372ECC179FC547004DB591 /* Sutapu */,
				74372EC5179FC547004DB591 /* Frameworks */,
				74372EC4179FC547004DB591 /* Products */,
			);
			sourceTree = "<group>";
		};
		74372EC4179FC547004DB591 /* Products */ = {
			isa = PBXGroup;
			children = (
				74372EC3179FC547004DB591 /* Sutapu.app */,
			);
			name = Products;
			sourceTree = "<group>";
		};
		74372EC5179FC547004DB591 /* Frameworks */ = {
			isa = PBXGroup;
			children = (
				74372F6D179FF15D004DB591 /* SystemConfiguration.framework */,
				74372F6B179FF158004DB591 /* Security.framework */,
				74372F69179FF150004DB591 /* MobileCoreServices.framework */,
				74372F67179FF148004DB591 /* CoreData.framework */,
				74372F65179FF141004DB591 /* CFNetwork.framework */,
				74372F12179FD41C004DB591 /* QuartzCore.framework */,
				74372EC6179FC547004DB591 /* UIKit.framework */,
				74372EC8179FC547004DB591 /* Foundation.framework */,
				74372ECA179FC547004DB591 /* CoreGraphics.framework */,
			);
			name = Frameworks;
			sourceTree = "<group>";
		};
		74372ECC179FC547004DB591 /* Sutapu */ = {
			isa = PBXGroup;
			children = (
				74372EE9179FC64F004DB591 /* 3rdParty */,
				74372F82179FF917004DB591 /* Categories */,
				74372EED179FC64F004DB591 /* View */,
				74372EEA179FC64F004DB591 /* Controller */,
				74372EEB179FC64F004DB591 /* Model */,
				74372ED5179FC547004DB591 /* STPAppDelegate.h */,
				74372ED6179FC547004DB591 /* STPAppDelegate.m */,
				74372EDE179FC547004DB591 /* MainStoryboard.storyboard */,
				74372EEC179FC64F004DB591 /* Resources */,
				74372ECD179FC547004DB591 /* Supporting Files */,
			);
			path = Sutapu;
			sourceTree = "<group>";
		};
		74372ECD179FC547004DB591 /* Supporting Files */ = {
			isa = PBXGroup;
			children = (
				74372ECE179FC547004DB591 /* Sutapu-Info.plist */,
				74372ECF179FC547004DB591 /* InfoPlist.strings */,
				74372ED2179FC547004DB591 /* main.m */,
				74372ED4179FC547004DB591 /* Sutapu-Prefix.pch */,
				74372ED8179FC547004DB591 /* Default.png */,
				74372EDA179FC547004DB591 /* Default@2x.png */,
				74372EDC179FC547004DB591 /* Default-568h@2x.png */,
			);
			name = "Supporting Files";
			sourceTree = "<group>";
		};
		74372EE9179FC64F004DB591 /* 3rdParty */ = {
			isa = PBXGroup;
			children = (
				74A1913517A0D16700AD4FA8 /* MOOPullGesture */,
				74A1910F17A0BD4700AD4FA8 /* ActionSheetPicker */,
				74A190E117A0AE6F00AD4FA8 /* HTProgressHUD */,
				74A190D517A0A7A800AD4FA8 /* XCDFormInputAccessoryView */,
				7437301D17A05BD2004DB591 /* DAPagesContainer */,
				74372F53179FF067004DB591 /* RestKit.xcodeproj */,
			);
			path = 3rdParty;
			sourceTree = "<group>";
		};
		74372EEA179FC64F004DB591 /* Controller */ = {
			isa = PBXGroup;
			children = (
				74372F4B179FDACD004DB591 /* Feeds */,
				74A190B717A0898C00AD4FA8 /* Posts */,
				74A1913117A0CD9B00AD4FA8 /* Subscriptions */,
				74A1914F17A0D54700AD4FA8 /* SubscriptionComposer */,
				74A190D917A0A7D200AD4FA8 /* PostComposer */,
				74372EEE179FC6BD004DB591 /* Auth */,
				74372F15179FD6AE004DB591 /* Signup */,
				74372F14179FD6AE004DB591 /* Profile */,
			);
			path = Controller;
			sourceTree = "<group>";
		};
		74372EEB179FC64F004DB591 /* Model */ = {
			isa = PBXGroup;
			children = (
				74372F71179FF2DD004DB591 /* Constants.h */,
				74372FE617A004D5004DB591 /* STPAuthDelegate.h */,
				74372F74179FF355004DB591 /* DataTypes */,
				74372F72179FF355004DB591 /* DataModel */,
				7437300C17A03B73004DB591 /* STPDataProxy.h */,
				7437300D17A03B73004DB591 /* STPDataProxy.m */,
			);
			path = Model;
			sourceTree = "<group>";
		};
		74372EEC179FC64F004DB591 /* Resources */ = {
			isa = PBXGroup;
			children = (
				74372EF2179FC98E004DB591 /* Images */,
			);
			path = Resources;
			sourceTree = "<group>";
		};
		74372EED179FC64F004DB591 /* View */ = {
			isa = PBXGroup;
			children = (
				74A190BB17A08C7800AD4FA8 /* Post */,
			);
			path = View;
			sourceTree = "<group>";
		};
		74372EEE179FC6BD004DB591 /* Auth */ = {
			isa = PBXGroup;
			children = (
				74372EEF179FC6CF004DB591 /* STPAuthViewController.h */,
				74372EF0179FC6CF004DB591 /* STPAuthViewController.m */,
			);
			path = Auth;
			sourceTree = "<group>";
		};
		74372EF2179FC98E004DB591 /* Images */ = {
			isa = PBXGroup;
			children = (
				74A190D017A0A0A300AD4FA8 /* Feed */,
				7437302717A06569004DB591 /* Tabbar */,
				74372FFB17A02F9D004DB591 /* Profile */,
				74372EF3179FC98E004DB591 /* Auth */,
			);
			path = Images;
			sourceTree = "<group>";
		};
		74372EF3179FC98E004DB591 /* Auth */ = {
			isa = PBXGroup;
			children = (
				74372F4F179FE341004DB591 /* back_button.png */,
				74372F50179FE341004DB591 /* back_button@2x.png */,
				74372EFE179FCE9E004DB591 /* submit.png */,
				74372EFF179FCE9E004DB591 /* submit@2x.png */,
				74372EFA179FCD7E004DB591 /* input_field_bg.png */,
				74372EFB179FCD7E004DB591 /* input_field_bg@2x.png */,
				74372EF4179FC98E004DB591 /* bg-568h@2x.png */,
				74372EF5179FC98E004DB591 /* bg.png */,
				74372EF6179FC98E004DB591 /* bg@2x.png */,
			);
			path = Auth;
			sourceTree = "<group>";
		};
		74372F14179FD6AE004DB591 /* Profile */ = {
			isa = PBXGroup;
			children = (
				74372FF817A010DF004DB591 /* STPProfileViewController.h */,
				74372FF917A010DF004DB591 /* STPProfileViewController.m */,
			);
			path = Profile;
			sourceTree = "<group>";
		};
		74372F15179FD6AE004DB591 /* Signup */ = {
			isa = PBXGroup;
			children = (
				74372F16179FD6CD004DB591 /* STPSignUpViewController.h */,
				74372F17179FD6CD004DB591 /* STPSignUpViewController.m */,
			);
			path = Signup;
			sourceTree = "<group>";
		};
		74372F4B179FDACD004DB591 /* Feeds */ = {
			isa = PBXGroup;
			children = (
				74372F4C179FDADA004DB591 /* STPHomeViewController.h */,
				74372F4D179FDADA004DB591 /* STPHomeViewController.m */,
			);
			path = Feeds;
			sourceTree = "<group>";
		};
		74372F54179FF067004DB591 /* Products */ = {
			isa = PBXGroup;
			children = (
				74372F5B179FF067004DB591 /* libRestKit.a */,
				74372F5D179FF067004DB591 /* RestKitTests.octest */,
				74372F5F179FF067004DB591 /* RestKit.framework */,
				74372F61179FF067004DB591 /* RestKitFrameworkTests.octest */,
			);
			name = Products;
			sourceTree = "<group>";
		};
		74372F72179FF355004DB591 /* DataModel */ = {
			isa = PBXGroup;
			children = (
				74372F7C179FF3FF004DB591 /* STPDataModel.xcdatamodeld */,
			);
			path = DataModel;
			sourceTree = "<group>";
		};
		74372F74179FF355004DB591 /* DataTypes */ = {
			isa = PBXGroup;
			children = (
				74A1910C17A0B22000AD4FA8 /* STPPostInfo.h */,
				74A1910D17A0B22000AD4FA8 /* STPPostInfo.m */,
				74A1910917A0B21F00AD4FA8 /* STPTopicInfo.h */,
				74A1910A17A0B22000AD4FA8 /* STPTopicInfo.m */,
				74A1910617A0B21F00AD4FA8 /* STPUserInfo.h */,
				74A1910717A0B21F00AD4FA8 /* STPUserInfo.m */,
				74A1910317A0B21F00AD4FA8 /* STPSubscriptionInfo.h */,
				74A1910417A0B21F00AD4FA8 /* STPSubscriptionInfo.m */,
				74A190C117A08F5D00AD4FA8 /* STPPostInfo+Additions.h */,
				74A190C217A08F5D00AD4FA8 /* STPPostInfo+Additions.m */,
				74372F78179FF3E5004DB591 /* ErrorInfo */,
			);
			path = DataTypes;
			sourceTree = "<group>";
		};
		74372F78179FF3E5004DB591 /* ErrorInfo */ = {
			isa = PBXGroup;
			children = (
				74372F79179FF3E5004DB591 /* STPErrorInfo.h */,
				74372F7A179FF3E5004DB591 /* STPErrorInfo.m */,
			);
			path = ErrorInfo;
			sourceTree = "<group>";
		};
		74372F82179FF917004DB591 /* Categories */ = {
			isa = PBXGroup;
			children = (
				74372F83179FF917004DB591 /* NSString+Utilities.h */,
				74372F84179FF917004DB591 /* NSString+Utilities.m */,
			);
			path = Categories;
			sourceTree = "<group>";
		};
		74372FFB17A02F9D004DB591 /* Profile */ = {
			isa = PBXGroup;
			children = (
				7437301917A05947004DB591 /* default_avatar.png */,
				7437301A17A05947004DB591 /* default_avatar@2x.png */,
				7437301517A056E6004DB591 /* avatar_border.png */,
				7437301617A056E6004DB591 /* avatar_border@2x.png */,
				7437301117A0412D004DB591 /* logout.png */,
				7437301217A0412D004DB591 /* logout@2x.png */,
				74372FFC17A03094004DB591 /* bio.png */,
				74372FFD17A03094004DB591 /* bio@2x.png */,
				74372FFE17A03094004DB591 /* email.png */,
				74372FFF17A03094004DB591 /* email@2x.png */,
				7437300017A03094004DB591 /* password.png */,
				7437300117A03094004DB591 /* password@2x.png */,
				7437300217A03094004DB591 /* user.png */,
				7437300317A03094004DB591 /* user@2x.png */,
			);
			path = Profile;
			sourceTree = "<group>";
		};
		7437301D17A05BD2004DB591 /* DAPagesContainer */ = {
			isa = PBXGroup;
			children = (
				7437301E17A05BD2004DB591 /* DAPageIndicatorView.h */,
				7437301F17A05BD2004DB591 /* DAPageIndicatorView.m */,
				7437302017A05BD2004DB591 /* DAPagesContainer.h */,
				7437302117A05BD2004DB591 /* DAPagesContainer.m */,
				7437302217A05BD2004DB591 /* DAPagesContainerTopBar.h */,
				7437302317A05BD2004DB591 /* DAPagesContainerTopBar.m */,
			);
			path = DAPagesContainer;
			sourceTree = "<group>";
		};
		7437302717A06569004DB591 /* Tabbar */ = {
			isa = PBXGroup;
			children = (
				74A1912D17A0CCDF00AD4FA8 /* home_tab.png */,
				74A1912E17A0CCDF00AD4FA8 /* home_tab@2x.png */,
				74A1912917A0CAEA00AD4FA8 /* profile_tab.png */,
				74A1912A17A0CAEA00AD4FA8 /* profile_tab@2x.png */,
				74A1912517A0C9D400AD4FA8 /* subscribtions.png */,
				74A1912617A0C9D400AD4FA8 /* subscribtions@2x.png */,
				7437302C17A066B6004DB591 /* tabbar_selection.png */,
				7437302D17A066B6004DB591 /* tabbar_selection@2x.png */,
				7437302817A06569004DB591 /* tabbar_bg.png */,
				7437302917A06569004DB591 /* tabbar_bg@2x.png */,
			);
			path = Tabbar;
			sourceTree = "<group>";
		};
		74A190B717A0898C00AD4FA8 /* Posts */ = {
			isa = PBXGroup;
			children = (
				74A190B817A089BA00AD4FA8 /* STPPostsViewController.h */,
				74A190B917A089BA00AD4FA8 /* STPPostsViewController.m */,
			);
			path = Posts;
			sourceTree = "<group>";
		};
		74A190BB17A08C7800AD4FA8 /* Post */ = {
			isa = PBXGroup;
			children = (
				74A190BC17A08C9500AD4FA8 /* STPPostViewCell.h */,
				74A190BD17A08C9500AD4FA8 /* STPPostViewCell.m */,
				74A190BF17A08CA600AD4FA8 /* STPPostViewCell.xib */,
			);
			path = Post;
			sourceTree = "<group>";
		};
		74A190D017A0A0A300AD4FA8 /* Feed */ = {
			isa = PBXGroup;
			children = (
				74A190D117A0A0A300AD4FA8 /* new_post.png */,
				74A190D217A0A0A300AD4FA8 /* new_post@2x.png */,
			);
			path = Feed;
			sourceTree = "<group>";
		};
		74A190D517A0A7A800AD4FA8 /* XCDFormInputAccessoryView */ = {
			isa = PBXGroup;
			children = (
				74A190D617A0A7A800AD4FA8 /* XCDFormInputAccessoryView.h */,
				74A190D717A0A7A800AD4FA8 /* XCDFormInputAccessoryView.m */,
			);
			path = XCDFormInputAccessoryView;
			sourceTree = "<group>";
		};
		74A190D917A0A7D200AD4FA8 /* PostComposer */ = {
			isa = PBXGroup;
			children = (
				74A190DA17A0A7E600AD4FA8 /* STPPostComposerViewController.h */,
				74A190DB17A0A7E600AD4FA8 /* STPPostComposerViewController.m */,
			);
			path = PostComposer;
			sourceTree = "<group>";
		};
		74A190E117A0AE6F00AD4FA8 /* HTProgressHUD */ = {
			isa = PBXGroup;
			children = (
				74A190E217A0AE6F00AD4FA8 /* HTProgressHUD.h */,
				74A190E317A0AE6F00AD4FA8 /* HTProgressHUD.m */,
				74A190E417A0AE6F00AD4FA8 /* HTProgressHUDAnimation.h */,
				74A190E517A0AE6F00AD4FA8 /* HTProgressHUDAnimation.m */,
				74A190E617A0AE6F00AD4FA8 /* HTProgressHUDFadeAnimation.h */,
				74A190E717A0AE6F00AD4FA8 /* HTProgressHUDFadeAnimation.m */,
				74A190E817A0AE6F00AD4FA8 /* HTProgressHUDFadeZoomAnimation.h */,
				74A190E917A0AE6F00AD4FA8 /* HTProgressHUDFadeZoomAnimation.m */,
				74A190EA17A0AE6F00AD4FA8 /* HTProgressHUDIndicatorView.h */,
				74A190EB17A0AE6F00AD4FA8 /* HTProgressHUDIndicatorView.m */,
				74A190EC17A0AE6F00AD4FA8 /* HTProgressHUDPieIndicatorView.h */,
				74A190ED17A0AE6F00AD4FA8 /* HTProgressHUDPieIndicatorView.m */,
				74A190EE17A0AE6F00AD4FA8 /* HTProgressHUDRingIndicatorView.h */,
				74A190EF17A0AE6F00AD4FA8 /* HTProgressHUDRingIndicatorView.m */,
			);
			path = HTProgressHUD;
			sourceTree = "<group>";
		};
		74A1910F17A0BD4700AD4FA8 /* ActionSheetPicker */ = {
			isa = PBXGroup;
			children = (
				74A1911017A0BD4700AD4FA8 /* ActionSheetPicker.h */,
				74A1911117A0BD4700AD4FA8 /* Pickers */,
			);
			path = ActionSheetPicker;
			sourceTree = "<group>";
		};
		74A1911117A0BD4700AD4FA8 /* Pickers */ = {
			isa = PBXGroup;
			children = (
				74A1911217A0BD4700AD4FA8 /* AbstractActionSheetPicker.h */,
				74A1911317A0BD4700AD4FA8 /* AbstractActionSheetPicker.m */,
				74A1911417A0BD4700AD4FA8 /* ActionSheetCustomPicker.h */,
				74A1911517A0BD4700AD4FA8 /* ActionSheetCustomPicker.m */,
				74A1911617A0BD4700AD4FA8 /* ActionSheetCustomPickerDelegate.h */,
				74A1911717A0BD4700AD4FA8 /* ActionSheetDatePicker.h */,
				74A1911817A0BD4700AD4FA8 /* ActionSheetDatePicker.m */,
				74A1911917A0BD4700AD4FA8 /* ActionSheetDistancePicker.h */,
				74A1911A17A0BD4700AD4FA8 /* ActionSheetDistancePicker.m */,
				74A1911B17A0BD4700AD4FA8 /* ActionSheetStringPicker.h */,
				74A1911C17A0BD4700AD4FA8 /* ActionSheetStringPicker.m */,
				74A1911D17A0BD4700AD4FA8 /* DistancePickerView.h */,
				74A1911E17A0BD4700AD4FA8 /* DistancePickerView.m */,
			);
			path = Pickers;
			sourceTree = "<group>";
		};
		74A1913117A0CD9B00AD4FA8 /* Subscriptions */ = {
			isa = PBXGroup;
			children = (
				74A1913217A0CDB100AD4FA8 /* STPSubscriptionsViewController.h */,
				74A1913317A0CDB100AD4FA8 /* STPSubscriptionsViewController.m */,
			);
			path = Subscriptions;
			sourceTree = "<group>";
		};
		74A1913517A0D16700AD4FA8 /* MOOPullGesture */ = {
			isa = PBXGroup;
			children = (
				74A1913617A0D16700AD4FA8 /* MOOCreateView.h */,
				74A1913717A0D16700AD4FA8 /* MOOCreateView.m */,
				74A1913817A0D16700AD4FA8 /* MOOPullGestureRecognizer.h */,
				74A1913917A0D16700AD4FA8 /* MOOPullGestureRecognizer.m */,
				74A1913A17A0D16700AD4FA8 /* MOOPullGestureRecognizerSubclass.h */,
				74A1913B17A0D16700AD4FA8 /* MOORefreshView.h */,
				74A1913C17A0D16700AD4FA8 /* MOORefreshView.m */,
				74A1913D17A0D16700AD4FA8 /* MOOTriggerView.h */,
				74A1913E17A0D16700AD4FA8 /* Resources */,
			);
			path = MOOPullGesture;
			sourceTree = "<group>";
		};
		74A1913E17A0D16700AD4FA8 /* Resources */ = {
			isa = PBXGroup;
			children = (
				74A1913F17A0D16700AD4FA8 /* Arrow-Bucket.png */,
				74A1914017A0D16700AD4FA8 /* Arrow-Bucket@2x.png */,
				74A1914117A0D16700AD4FA8 /* Circle-Arrow.png */,
				74A1914217A0D16700AD4FA8 /* Circle-Arrow@2x.png */,
				74A1914317A0D16700AD4FA8 /* MOOPullGesture.strings */,
			);
			path = Resources;
			sourceTree = "<group>";
		};
		74A1914F17A0D54700AD4FA8 /* SubscriptionComposer */ = {
			isa = PBXGroup;
			children = (
				74A1915017A0D55900AD4FA8 /* STPSubscriptionComposerViewController.h */,
				74A1915117A0D55900AD4FA8 /* STPSubscriptionComposerViewController.m */,
			);
			path = SubscriptionComposer;
			sourceTree = "<group>";
		};
/* End PBXGroup section */

/* Begin PBXNativeTarget section */
		74372EC2179FC547004DB591 /* Sutapu */ = {
			isa = PBXNativeTarget;
			buildConfigurationList = 74372EE6179FC547004DB591 /* Build configuration list for PBXNativeTarget "Sutapu" */;
			buildPhases = (
				74372EBF179FC547004DB591 /* Sources */,
				74372EC0179FC547004DB591 /* Frameworks */,
				74372EC1179FC547004DB591 /* Resources */,
			);
			buildRules = (
			);
			dependencies = (
				74372F63179FF126004DB591 /* PBXTargetDependency */,
			);
			name = Sutapu;
			productName = Sutapu;
			productReference = 74372EC3179FC547004DB591 /* Sutapu.app */;
			productType = "com.apple.product-type.application";
		};
/* End PBXNativeTarget section */

/* Begin PBXProject section */
		74372EBB179FC547004DB591 /* Project object */ = {
			isa = PBXProject;
			attributes = {
				CLASSPREFIX = STP;
				LastUpgradeCheck = 0460;
				ORGANIZATIONNAME = "Yuriy Berdnikov";
			};
			buildConfigurationList = 74372EBE179FC547004DB591 /* Build configuration list for PBXProject "Sutapu" */;
			compatibilityVersion = "Xcode 3.2";
			developmentRegion = English;
			hasScannedForEncodings = 0;
			knownRegions = (
				en,
				es,
				ru,
			);
			mainGroup = 74372EBA179FC547004DB591;
			productRefGroup = 74372EC4179FC547004DB591 /* Products */;
			projectDirPath = "";
			projectReferences = (
				{
					ProductGroup = 74372F54179FF067004DB591 /* Products */;
					ProjectRef = 74372F53179FF067004DB591 /* RestKit.xcodeproj */;
				},
			);
			projectRoot = "";
			targets = (
				74372EC2179FC547004DB591 /* Sutapu */,
			);
		};
/* End PBXProject section */

/* Begin PBXReferenceProxy section */
		74372F5B179FF067004DB591 /* libRestKit.a */ = {
			isa = PBXReferenceProxy;
			fileType = archive.ar;
			path = libRestKit.a;
			remoteRef = 74372F5A179FF067004DB591 /* PBXContainerItemProxy */;
			sourceTree = BUILT_PRODUCTS_DIR;
		};
		74372F5D179FF067004DB591 /* RestKitTests.octest */ = {
			isa = PBXReferenceProxy;
			fileType = wrapper.cfbundle;
			path = RestKitTests.octest;
			remoteRef = 74372F5C179FF067004DB591 /* PBXContainerItemProxy */;
			sourceTree = BUILT_PRODUCTS_DIR;
		};
		74372F5F179FF067004DB591 /* RestKit.framework */ = {
			isa = PBXReferenceProxy;
			fileType = wrapper.framework;
			path = RestKit.framework;
			remoteRef = 74372F5E179FF067004DB591 /* PBXContainerItemProxy */;
			sourceTree = BUILT_PRODUCTS_DIR;
		};
		74372F61179FF067004DB591 /* RestKitFrameworkTests.octest */ = {
			isa = PBXReferenceProxy;
			fileType = wrapper.cfbundle;
			path = RestKitFrameworkTests.octest;
			remoteRef = 74372F60179FF067004DB591 /* PBXContainerItemProxy */;
			sourceTree = BUILT_PRODUCTS_DIR;
		};
/* End PBXReferenceProxy section */

/* Begin PBXResourcesBuildPhase section */
		74372EC1179FC547004DB591 /* Resources */ = {
			isa = PBXResourcesBuildPhase;
			buildActionMask = 2147483647;
			files = (
				74372ED1179FC547004DB591 /* InfoPlist.strings in Resources */,
				74372ED9179FC547004DB591 /* Default.png in Resources */,
				74372EDB179FC547004DB591 /* Default@2x.png in Resources */,
				74372EDD179FC547004DB591 /* Default-568h@2x.png in Resources */,
				74372EE0179FC547004DB591 /* MainStoryboard.storyboard in Resources */,
				74372EF7179FC98E004DB591 /* bg-568h@2x.png in Resources */,
				74372EF8179FC98E004DB591 /* bg.png in Resources */,
				74372EF9179FC98E004DB591 /* bg@2x.png in Resources */,
				74372EFC179FCD7E004DB591 /* input_field_bg.png in Resources */,
				74372EFD179FCD7E004DB591 /* input_field_bg@2x.png in Resources */,
				74372F00179FCE9E004DB591 /* submit.png in Resources */,
				74372F01179FCE9E004DB591 /* submit@2x.png in Resources */,
				74372F51179FE341004DB591 /* back_button.png in Resources */,
				74372F52179FE341004DB591 /* back_button@2x.png in Resources */,
				7437300417A03094004DB591 /* bio.png in Resources */,
				7437300517A03094004DB591 /* bio@2x.png in Resources */,
				7437300617A03094004DB591 /* email.png in Resources */,
				7437300717A03094004DB591 /* email@2x.png in Resources */,
				7437300817A03094004DB591 /* password.png in Resources */,
				7437300917A03094004DB591 /* password@2x.png in Resources */,
				7437300A17A03094004DB591 /* user.png in Resources */,
				7437300B17A03094004DB591 /* user@2x.png in Resources */,
				7437301317A0412D004DB591 /* logout.png in Resources */,
				7437301417A0412D004DB591 /* logout@2x.png in Resources */,
				7437301717A056E6004DB591 /* avatar_border.png in Resources */,
				7437301817A056E6004DB591 /* avatar_border@2x.png in Resources */,
				7437301B17A05947004DB591 /* default_avatar.png in Resources */,
				7437301C17A05947004DB591 /* default_avatar@2x.png in Resources */,
				7437302A17A06569004DB591 /* tabbar_bg.png in Resources */,
				7437302B17A06569004DB591 /* tabbar_bg@2x.png in Resources */,
				7437302E17A066B6004DB591 /* tabbar_selection.png in Resources */,
				7437302F17A066B6004DB591 /* tabbar_selection@2x.png in Resources */,
				74A190C017A08CA600AD4FA8 /* STPPostViewCell.xib in Resources */,
				74A190D317A0A0A300AD4FA8 /* new_post.png in Resources */,
				74A190D417A0A0A300AD4FA8 /* new_post@2x.png in Resources */,
				74A1912717A0C9D400AD4FA8 /* subscribtions.png in Resources */,
				74A1912817A0C9D400AD4FA8 /* subscribtions@2x.png in Resources */,
				74A1912B17A0CAEA00AD4FA8 /* profile_tab.png in Resources */,
				74A1912C17A0CAEA00AD4FA8 /* profile_tab@2x.png in Resources */,
				74A1912F17A0CCDF00AD4FA8 /* home_tab.png in Resources */,
				74A1913017A0CCDF00AD4FA8 /* home_tab@2x.png in Resources */,
				74A1914A17A0D16700AD4FA8 /* Arrow-Bucket.png in Resources */,
				74A1914B17A0D16700AD4FA8 /* Arrow-Bucket@2x.png in Resources */,
				74A1914C17A0D16700AD4FA8 /* Circle-Arrow.png in Resources */,
				74A1914D17A0D16700AD4FA8 /* Circle-Arrow@2x.png in Resources */,
				74A1914E17A0D16700AD4FA8 /* MOOPullGesture.strings in Resources */,
			);
			runOnlyForDeploymentPostprocessing = 0;
		};
/* End PBXResourcesBuildPhase section */

/* Begin PBXSourcesBuildPhase section */
		74372EBF179FC547004DB591 /* Sources */ = {
			isa = PBXSourcesBuildPhase;
			buildActionMask = 2147483647;
			files = (
				74372ED3179FC547004DB591 /* main.m in Sources */,
				74372ED7179FC547004DB591 /* STPAppDelegate.m in Sources */,
				74372EF1179FC6CF004DB591 /* STPAuthViewController.m in Sources */,
				74372F18179FD6CD004DB591 /* STPSignUpViewController.m in Sources */,
				74372F4E179FDADA004DB591 /* STPHomeViewController.m in Sources */,
				74372F7B179FF3E5004DB591 /* STPErrorInfo.m in Sources */,
				74372F7E179FF3FF004DB591 /* STPDataModel.xcdatamodeld in Sources */,
				74372F85179FF917004DB591 /* NSString+Utilities.m in Sources */,
				74372FFA17A010DF004DB591 /* STPProfileViewController.m in Sources */,
				7437300E17A03B73004DB591 /* STPDataProxy.m in Sources */,
				7437302417A05BD2004DB591 /* DAPageIndicatorView.m in Sources */,
				7437302517A05BD2004DB591 /* DAPagesContainer.m in Sources */,
				7437302617A05BD2004DB591 /* DAPagesContainerTopBar.m in Sources */,
				74A190BA17A089BA00AD4FA8 /* STPPostsViewController.m in Sources */,
				74A190BE17A08C9500AD4FA8 /* STPPostViewCell.m in Sources */,
				74A190C317A08F5D00AD4FA8 /* STPPostInfo+Additions.m in Sources */,
				74A190D817A0A7A800AD4FA8 /* XCDFormInputAccessoryView.m in Sources */,
				74A190DC17A0A7E600AD4FA8 /* STPPostComposerViewController.m in Sources */,
				74A190F017A0AE6F00AD4FA8 /* HTProgressHUD.m in Sources */,
				74A190F117A0AE6F00AD4FA8 /* HTProgressHUDAnimation.m in Sources */,
				74A190F217A0AE6F00AD4FA8 /* HTProgressHUDFadeAnimation.m in Sources */,
				74A190F317A0AE6F00AD4FA8 /* HTProgressHUDFadeZoomAnimation.m in Sources */,
				74A190F417A0AE6F00AD4FA8 /* HTProgressHUDIndicatorView.m in Sources */,
				74A190F517A0AE6F00AD4FA8 /* HTProgressHUDPieIndicatorView.m in Sources */,
				74A190F617A0AE6F00AD4FA8 /* HTProgressHUDRingIndicatorView.m in Sources */,
				74A1910517A0B21F00AD4FA8 /* STPSubscriptionInfo.m in Sources */,
				74A1910817A0B21F00AD4FA8 /* STPUserInfo.m in Sources */,
				74A1910B17A0B22000AD4FA8 /* STPTopicInfo.m in Sources */,
				74A1910E17A0B22000AD4FA8 /* STPPostInfo.m in Sources */,
				74A1911F17A0BD4700AD4FA8 /* AbstractActionSheetPicker.m in Sources */,
				74A1912017A0BD4700AD4FA8 /* ActionSheetCustomPicker.m in Sources */,
				74A1912117A0BD4700AD4FA8 /* ActionSheetDatePicker.m in Sources */,
				74A1912217A0BD4700AD4FA8 /* ActionSheetDistancePicker.m in Sources */,
				74A1912317A0BD4700AD4FA8 /* ActionSheetStringPicker.m in Sources */,
				74A1912417A0BD4700AD4FA8 /* DistancePickerView.m in Sources */,
				74A1913417A0CDB100AD4FA8 /* STPSubscriptionsViewController.m in Sources */,
				74A1914717A0D16700AD4FA8 /* MOOCreateView.m in Sources */,
				74A1914817A0D16700AD4FA8 /* MOOPullGestureRecognizer.m in Sources */,
				74A1914917A0D16700AD4FA8 /* MOORefreshView.m in Sources */,
				74A1915217A0D55900AD4FA8 /* STPSubscriptionComposerViewController.m in Sources */,
			);
			runOnlyForDeploymentPostprocessing = 0;
		};
/* End PBXSourcesBuildPhase section */

/* Begin PBXTargetDependency section */
		74372F63179FF126004DB591 /* PBXTargetDependency */ = {
			isa = PBXTargetDependency;
			name = RestKit;
			targetProxy = 74372F62179FF126004DB591 /* PBXContainerItemProxy */;
		};
/* End PBXTargetDependency section */

/* Begin PBXVariantGroup section */
		74372ECF179FC547004DB591 /* InfoPlist.strings */ = {
			isa = PBXVariantGroup;
			children = (
				74372ED0179FC547004DB591 /* en */,
			);
			name = InfoPlist.strings;
			sourceTree = "<group>";
		};
		74372EDE179FC547004DB591 /* MainStoryboard.storyboard */ = {
			isa = PBXVariantGroup;
			children = (
				74372EDF179FC547004DB591 /* en */,
			);
			name = MainStoryboard.storyboard;
			sourceTree = "<group>";
		};
		74A1914317A0D16700AD4FA8 /* MOOPullGesture.strings */ = {
			isa = PBXVariantGroup;
			children = (
				74A1914417A0D16700AD4FA8 /* en */,
				74A1914517A0D16700AD4FA8 /* es */,
				74A1914617A0D16700AD4FA8 /* ru */,
			);
			name = MOOPullGesture.strings;
			sourceTree = "<group>";
		};
/* End PBXVariantGroup section */

/* Begin XCBuildConfiguration section */
		74372EE4179FC547004DB591 /* Debug */ = {
			isa = XCBuildConfiguration;
			buildSettings = {
				ALWAYS_SEARCH_USER_PATHS = NO;
				CLANG_CXX_LANGUAGE_STANDARD = "gnu++0x";
				CLANG_CXX_LIBRARY = "libc++";
				CLANG_ENABLE_OBJC_ARC = YES;
				CLANG_WARN_CONSTANT_CONVERSION = YES;
				CLANG_WARN_EMPTY_BODY = YES;
				CLANG_WARN_ENUM_CONVERSION = YES;
				CLANG_WARN_INT_CONVERSION = YES;
				CLANG_WARN__DUPLICATE_METHOD_MATCH = YES;
				"CODE_SIGN_IDENTITY[sdk=iphoneos*]" = "iPhone Developer";
				COPY_PHASE_STRIP = NO;
				GCC_C_LANGUAGE_STANDARD = gnu99;
				GCC_DYNAMIC_NO_PIC = NO;
				GCC_OPTIMIZATION_LEVEL = 0;
				GCC_PREPROCESSOR_DEFINITIONS = (
					"DEBUG=1",
					"$(inherited)",
				);
				GCC_SYMBOLS_PRIVATE_EXTERN = NO;
				GCC_TREAT_WARNINGS_AS_ERRORS = YES;
				GCC_WARN_ABOUT_RETURN_TYPE = YES;
				GCC_WARN_UNINITIALIZED_AUTOS = YES;
				GCC_WARN_UNUSED_VARIABLE = YES;
				IPHONEOS_DEPLOYMENT_TARGET = 6.1;
				ONLY_ACTIVE_ARCH = YES;
				SDKROOT = iphoneos;
			};
			name = Debug;
		};
		74372EE5179FC547004DB591 /* Release */ = {
			isa = XCBuildConfiguration;
			buildSettings = {
				ALWAYS_SEARCH_USER_PATHS = NO;
				CLANG_CXX_LANGUAGE_STANDARD = "gnu++0x";
				CLANG_CXX_LIBRARY = "libc++";
				CLANG_ENABLE_OBJC_ARC = YES;
				CLANG_WARN_CONSTANT_CONVERSION = YES;
				CLANG_WARN_EMPTY_BODY = YES;
				CLANG_WARN_ENUM_CONVERSION = YES;
				CLANG_WARN_INT_CONVERSION = YES;
				CLANG_WARN__DUPLICATE_METHOD_MATCH = YES;
				"CODE_SIGN_IDENTITY[sdk=iphoneos*]" = "iPhone Developer";
				COPY_PHASE_STRIP = YES;
				GCC_C_LANGUAGE_STANDARD = gnu99;
				GCC_TREAT_WARNINGS_AS_ERRORS = YES;
				GCC_WARN_ABOUT_RETURN_TYPE = YES;
				GCC_WARN_UNINITIALIZED_AUTOS = YES;
				GCC_WARN_UNUSED_VARIABLE = YES;
				IPHONEOS_DEPLOYMENT_TARGET = 6.1;
				OTHER_CFLAGS = "-DNS_BLOCK_ASSERTIONS=1";
				SDKROOT = iphoneos;
				VALIDATE_PRODUCT = YES;
			};
			name = Release;
		};
		74372EE7179FC547004DB591 /* Debug */ = {
			isa = XCBuildConfiguration;
			buildSettings = {
				GCC_PRECOMPILE_PREFIX_HEADER = YES;
				GCC_PREFIX_HEADER = "Sutapu/Sutapu-Prefix.pch";
				GCC_TREAT_WARNINGS_AS_ERRORS = YES;
				HEADER_SEARCH_PATHS = "\"$(BUILT_PRODUCTS_DIR)/../../Headers\"";
				INFOPLIST_FILE = "Sutapu/Sutapu-Info.plist";
				IPHONEOS_DEPLOYMENT_TARGET = 6.0;
				OTHER_LDFLAGS = "-ObjC";
				PRODUCT_NAME = "$(TARGET_NAME)";
				WRAPPER_EXTENSION = app;
			};
			name = Debug;
		};
		74372EE8179FC547004DB591 /* Release */ = {
			isa = XCBuildConfiguration;
			buildSettings = {
				GCC_PRECOMPILE_PREFIX_HEADER = YES;
				GCC_PREFIX_HEADER = "Sutapu/Sutapu-Prefix.pch";
				GCC_TREAT_WARNINGS_AS_ERRORS = YES;
				HEADER_SEARCH_PATHS = "\"$(BUILT_PRODUCTS_DIR)/../../Headers\"";
				INFOPLIST_FILE = "Sutapu/Sutapu-Info.plist";
				IPHONEOS_DEPLOYMENT_TARGET = 6.0;
				PRODUCT_NAME = "$(TARGET_NAME)";
				WRAPPER_EXTENSION = app;
			};
			name = Release;
		};
/* End XCBuildConfiguration section */

/* Begin XCConfigurationList section */
		74372EBE179FC547004DB591 /* Build configuration list for PBXProject "Sutapu" */ = {
			isa = XCConfigurationList;
			buildConfigurations = (
				74372EE4179FC547004DB591 /* Debug */,
				74372EE5179FC547004DB591 /* Release */,
			);
			defaultConfigurationIsVisible = 0;
			defaultConfigurationName = Release;
		};
		74372EE6179FC547004DB591 /* Build configuration list for PBXNativeTarget "Sutapu" */ = {
			isa = XCConfigurationList;
			buildConfigurations = (
				74372EE7179FC547004DB591 /* Debug */,
				74372EE8179FC547004DB591 /* Release */,
			);
			defaultConfigurationIsVisible = 0;
			defaultConfigurationName = Release;
		};
/* End XCConfigurationList section */

/* Begin XCVersionGroup section */
		74372F7C179FF3FF004DB591 /* STPDataModel.xcdatamodeld */ = {
			isa = XCVersionGroup;
			children = (
				74372F7D179FF3FF004DB591 /* STPDataModel.xcdatamodel */,
			);
			currentVersion = 74372F7D179FF3FF004DB591 /* STPDataModel.xcdatamodel */;
			path = STPDataModel.xcdatamodeld;
			sourceTree = "<group>";
			versionGroupType = wrapper.xcdatamodel;
		};
/* End XCVersionGroup section */
	};
	rootObject = 74372EBB179FC547004DB591 /* Project object */;
}
