// !$*UTF8*$!
{
	archiveVersion = 1;
	classes = {
	};
	objectVersion = 46;
	objects = {

/* Begin PBXBuildFile section */
		74372EC7179FC547004DB591 /* UIKit.framework in Frameworks */ = {isa = PBXBuildFile; fileRef = 74372EC6179FC547004DB591 /* UIKit.framework */; };
		74372EC9179FC547004DB591 /* Foundation.framework in Frameworks */ = {isa = PBXBuildFile; fileRef = 74372EC8179FC547004DB591 /* Foundation.framework */; };
		74372ECB179FC547004DB591 /* CoreGraphics.framework in Frameworks */ = {isa = PBXBuildFile; fileRef = 74372ECA179FC547004DB591 /* CoreGraphics.framework */; };
		74372ED1179FC547004DB591 /* InfoPlist.strings in Resources */ = {isa = PBXBuildFile; fileRef = 74372ECF179FC547004DB591 /* InfoPlist.strings */; };
		74372ED3179FC547004DB591 /* main.m in Sources */ = {isa = PBXBuildFile; fileRef = 74372ED2179FC547004DB591 /* main.m */; };
		74372ED7179FC547004DB591 /* STPAppDelegate.m in Sources */ = {isa = PBXBuildFile; fileRef = 74372ED6179FC547004DB591 /* STPAppDelegate.m */; };
		74372ED9179FC547004DB591 /* Default.png in Resources */ = {isa = PBXBuildFile; fileRef = 74372ED8179FC547004DB591 /* Default.png */; };
		74372EDB179FC547004DB591 /* Default@2x.png in Resources */ = {isa = PBXBuildFile; fileRef = 74372EDA179FC547004DB591 /* Default@2x.png */; };
		74372EDD179FC547004DB591 /* Default-568h@2x.png in Resources */ = {isa = PBXBuildFile; fileRef = 74372EDC179FC547004DB591 /* Default-568h@2x.png */; };
		74372EE0179FC547004DB591 /* MainStoryboard.storyboard in Resources */ = {isa = PBXBuildFile; fileRef = 74372EDE179FC547004DB591 /* MainStoryboard.storyboard */; };
		74372EF1179FC6CF004DB591 /* STPAuthViewController.m in Sources */ = {isa = PBXBuildFile; fileRef = 74372EF0179FC6CF004DB591 /* STPAuthViewController.m */; };
		74372EF7179FC98E004DB591 /* bg-568h@2x.png in Resources */ = {isa = PBXBuildFile; fileRef = 74372EF4179FC98E004DB591 /* bg-568h@2x.png */; };
		74372EF8179FC98E004DB591 /* bg.png in Resources */ = {isa = PBXBuildFile; fileRef = 74372EF5179FC98E004DB591 /* bg.png */; };
		74372EF9179FC98E004DB591 /* bg@2x.png in Resources */ = {isa = PBXBuildFile; fileRef = 74372EF6179FC98E004DB591 /* bg@2x.png */; };
		74372EFC179FCD7E004DB591 /* input_field_bg.png in Resources */ = {isa = PBXBuildFile; fileRef = 74372EFA179FCD7E004DB591 /* input_field_bg.png */; };
		74372EFD179FCD7E004DB591 /* input_field_bg@2x.png in Resources */ = {isa = PBXBuildFile; fileRef = 74372EFB179FCD7E004DB591 /* input_field_bg@2x.png */; };
		74372F00179FCE9E004DB591 /* submit.png in Resources */ = {isa = PBXBuildFile; fileRef = 74372EFE179FCE9E004DB591 /* submit.png */; };
		74372F01179FCE9E004DB591 /* submit@2x.png in Resources */ = {isa = PBXBuildFile; fileRef = 74372EFF179FCE9E004DB591 /* submit@2x.png */; };
		74372F13179FD41C004DB591 /* QuartzCore.framework in Frameworks */ = {isa = PBXBuildFile; fileRef = 74372F12179FD41C004DB591 /* QuartzCore.framework */; };
		74372F18179FD6CD004DB591 /* STPSignUpViewController.m in Sources */ = {isa = PBXBuildFile; fileRef = 74372F17179FD6CD004DB591 /* STPSignUpViewController.m */; };
		74372F4E179FDADA004DB591 /* STPHomeViewController.m in Sources */ = {isa = PBXBuildFile; fileRef = 74372F4D179FDADA004DB591 /* STPHomeViewController.m */; };
		74372F51179FE341004DB591 /* back_button.png in Resources */ = {isa = PBXBuildFile; fileRef = 74372F4F179FE341004DB591 /* back_button.png */; };
		74372F52179FE341004DB591 /* back_button@2x.png in Resources */ = {isa = PBXBuildFile; fileRef = 74372F50179FE341004DB591 /* back_button@2x.png */; };
		74372F64179FF12F004DB591 /* libRestKit.a in Frameworks */ = {isa = PBXBuildFile; fileRef = 74372F5B179FF067004DB591 /* libRestKit.a */; };
		74372F66179FF141004DB591 /* CFNetwork.framework in Frameworks */ = {isa = PBXBuildFile; fileRef = 74372F65179FF141004DB591 /* CFNetwork.framework */; };
		74372F68179FF148004DB591 /* CoreData.framework in Frameworks */ = {isa = PBXBuildFile; fileRef = 74372F67179FF148004DB591 /* CoreData.framework */; };
		74372F6A179FF150004DB591 /* MobileCoreServices.framework in Frameworks */ = {isa = PBXBuildFile; fileRef = 74372F69179FF150004DB591 /* MobileCoreServices.framework */; };
		74372F6C179FF158004DB591 /* Security.framework in Frameworks */ = {isa = PBXBuildFile; fileRef = 74372F6B179FF158004DB591 /* Security.framework */; };
		74372F6E179FF15D004DB591 /* SystemConfiguration.framework in Frameworks */ = {isa = PBXBuildFile; fileRef = 74372F6D179FF15D004DB591 /* SystemConfiguration.framework */; };
		74372F7B179FF3E5004DB591 /* STPErrorInfo.m in Sources */ = {isa = PBXBuildFile; fileRef = 74372F7A179FF3E5004DB591 /* STPErrorInfo.m */; };
		74372F7E179FF3FF004DB591 /* STPDataModel.xcdatamodeld in Sources */ = {isa = PBXBuildFile; fileRef = 74372F7C179FF3FF004DB591 /* STPDataModel.xcdatamodeld */; };
		74372F85179FF917004DB591 /* NSString+Utilities.m in Sources */ = {isa = PBXBuildFile; fileRef = 74372F84179FF917004DB591 /* NSString+Utilities.m */; };
		74372FEC17A0083E004DB591 /* STPUserInfo.m in Sources */ = {isa = PBXBuildFile; fileRef = 74372FEB17A0083E004DB591 /* STPUserInfo.m */; };
		74372FFA17A010DF004DB591 /* STPProfileViewController.m in Sources */ = {isa = PBXBuildFile; fileRef = 74372FF917A010DF004DB591 /* STPProfileViewController.m */; };
		7437300417A03094004DB591 /* bio.png in Resources */ = {isa = PBXBuildFile; fileRef = 74372FFC17A03094004DB591 /* bio.png */; };
		7437300517A03094004DB591 /* bio@2x.png in Resources */ = {isa = PBXBuildFile; fileRef = 74372FFD17A03094004DB591 /* bio@2x.png */; };
		7437300617A03094004DB591 /* email.png in Resources */ = {isa = PBXBuildFile; fileRef = 74372FFE17A03094004DB591 /* email.png */; };
		7437300717A03094004DB591 /* email@2x.png in Resources */ = {isa = PBXBuildFile; fileRef = 74372FFF17A03094004DB591 /* email@2x.png */; };
		7437300817A03094004DB591 /* password.png in Resources */ = {isa = PBXBuildFile; fileRef = 7437300017A03094004DB591 /* password.png */; };
		7437300917A03094004DB591 /* password@2x.png in Resources */ = {isa = PBXBuildFile; fileRef = 7437300117A03094004DB591 /* password@2x.png */; };
		7437300A17A03094004DB591 /* user.png in Resources */ = {isa = PBXBuildFile; fileRef = 7437300217A03094004DB591 /* user.png */; };
		7437300B17A03094004DB591 /* user@2x.png in Resources */ = {isa = PBXBuildFile; fileRef = 7437300317A03094004DB591 /* user@2x.png */; };
		7437300E17A03B73004DB591 /* STPDataProxy.m in Sources */ = {isa = PBXBuildFile; fileRef = 7437300D17A03B73004DB591 /* STPDataProxy.m */; };
		7437301317A0412D004DB591 /* logout.png in Resources */ = {isa = PBXBuildFile; fileRef = 7437301117A0412D004DB591 /* logout.png */; };
		7437301417A0412D004DB591 /* logout@2x.png in Resources */ = {isa = PBXBuildFile; fileRef = 7437301217A0412D004DB591 /* logout@2x.png */; };
		7437301717A056E6004DB591 /* avatar_border.png in Resources */ = {isa = PBXBuildFile; fileRef = 7437301517A056E6004DB591 /* avatar_border.png */; };
		7437301817A056E6004DB591 /* avatar_border@2x.png in Resources */ = {isa = PBXBuildFile; fileRef = 7437301617A056E6004DB591 /* avatar_border@2x.png */; };
		7437301B17A05947004DB591 /* default_avatar.png in Resources */ = {isa = PBXBuildFile; fileRef = 7437301917A05947004DB591 /* default_avatar.png */; };
		7437301C17A05947004DB591 /* default_avatar@2x.png in Resources */ = {isa = PBXBuildFile; fileRef = 7437301A17A05947004DB591 /* default_avatar@2x.png */; };
		7437302417A05BD2004DB591 /* DAPageIndicatorView.m in Sources */ = {isa = PBXBuildFile; fileRef = 7437301F17A05BD2004DB591 /* DAPageIndicatorView.m */; };
		7437302517A05BD2004DB591 /* DAPagesContainer.m in Sources */ = {isa = PBXBuildFile; fileRef = 7437302117A05BD2004DB591 /* DAPagesContainer.m */; };
		7437302617A05BD2004DB591 /* DAPagesContainerTopBar.m in Sources */ = {isa = PBXBuildFile; fileRef = 7437302317A05BD2004DB591 /* DAPagesContainerTopBar.m */; };
/* End PBXBuildFile section */

/* Begin PBXContainerItemProxy section */
		74372F5A179FF067004DB591 /* PBXContainerItemProxy */ = {
			isa = PBXContainerItemProxy;
			containerPortal = 74372F53179FF067004DB591 /* RestKit.xcodeproj */;
			proxyType = 2;
			remoteGlobalIDString = 25160D1614564E810060A5C5;
			remoteInfo = RestKit;
		};
		74372F5C179FF067004DB591 /* PBXContainerItemProxy */ = {
			isa = PBXContainerItemProxy;
			containerPortal = 74372F53179FF067004DB591 /* RestKit.xcodeproj */;
			proxyType = 2;
			remoteGlobalIDString = 25160D2614564E820060A5C5;
			remoteInfo = RestKitTests;
		};
		74372F5E179FF067004DB591 /* PBXContainerItemProxy */ = {
			isa = PBXContainerItemProxy;
			containerPortal = 74372F53179FF067004DB591 /* RestKit.xcodeproj */;
			proxyType = 2;
			remoteGlobalIDString = 25160E62145651060060A5C5;
			remoteInfo = RestKitFramework;
		};
		74372F60179FF067004DB591 /* PBXContainerItemProxy */ = {
			isa = PBXContainerItemProxy;
			containerPortal = 74372F53179FF067004DB591 /* RestKit.xcodeproj */;
			proxyType = 2;
			remoteGlobalIDString = 25160E78145651060060A5C5;
			remoteInfo = RestKitFrameworkTests;
		};
		74372F62179FF126004DB591 /* PBXContainerItemProxy */ = {
			isa = PBXContainerItemProxy;
			containerPortal = 74372F53179FF067004DB591 /* RestKit.xcodeproj */;
			proxyType = 1;
			remoteGlobalIDString = 25160D1514564E810060A5C5;
			remoteInfo = RestKit;
		};
/* End PBXContainerItemProxy section */

/* Begin PBXFileReference section */
		74372EC3179FC547004DB591 /* Sutapu.app */ = {isa = PBXFileReference; explicitFileType = wrapper.application; includeInIndex = 0; path = Sutapu.app; sourceTree = BUILT_PRODUCTS_DIR; };
		74372EC6179FC547004DB591 /* UIKit.framework */ = {isa = PBXFileReference; lastKnownFileType = wrapper.framework; name = UIKit.framework; path = System/Library/Frameworks/UIKit.framework; sourceTree = SDKROOT; };
		74372EC8179FC547004DB591 /* Foundation.framework */ = {isa = PBXFileReference; lastKnownFileType = wrapper.framework; name = Foundation.framework; path = System/Library/Frameworks/Foundation.framework; sourceTree = SDKROOT; };
		74372ECA179FC547004DB591 /* CoreGraphics.framework */ = {isa = PBXFileReference; lastKnownFileType = wrapper.framework; name = CoreGraphics.framework; path = System/Library/Frameworks/CoreGraphics.framework; sourceTree = SDKROOT; };
		74372ECE179FC547004DB591 /* Sutapu-Info.plist */ = {isa = PBXFileReference; lastKnownFileType = text.plist.xml; path = "Sutapu-Info.plist"; sourceTree = "<group>"; };
		74372ED0179FC547004DB591 /* en */ = {isa = PBXFileReference; lastKnownFileType = text.plist.strings; name = en; path = en.lproj/InfoPlist.strings; sourceTree = "<group>"; };
		74372ED2179FC547004DB591 /* main.m */ = {isa = PBXFileReference; lastKnownFileType = sourcecode.c.objc; path = main.m; sourceTree = "<group>"; };
		74372ED4179FC547004DB591 /* Sutapu-Prefix.pch */ = {isa = PBXFileReference; lastKnownFileType = sourcecode.c.h; path = "Sutapu-Prefix.pch"; sourceTree = "<group>"; };
		74372ED5179FC547004DB591 /* STPAppDelegate.h */ = {isa = PBXFileReference; lastKnownFileType = sourcecode.c.h; path = STPAppDelegate.h; sourceTree = "<group>"; };
		74372ED6179FC547004DB591 /* STPAppDelegate.m */ = {isa = PBXFileReference; lastKnownFileType = sourcecode.c.objc; path = STPAppDelegate.m; sourceTree = "<group>"; };
		74372ED8179FC547004DB591 /* Default.png */ = {isa = PBXFileReference; lastKnownFileType = image.png; path = Default.png; sourceTree = "<group>"; };
		74372EDA179FC547004DB591 /* Default@2x.png */ = {isa = PBXFileReference; lastKnownFileType = image.png; path = "Default@2x.png"; sourceTree = "<group>"; };
		74372EDC179FC547004DB591 /* Default-568h@2x.png */ = {isa = PBXFileReference; lastKnownFileType = image.png; path = "Default-568h@2x.png"; sourceTree = "<group>"; };
		74372EDF179FC547004DB591 /* en */ = {isa = PBXFileReference; lastKnownFileType = file.storyboard; name = en; path = en.lproj/MainStoryboard.storyboard; sourceTree = "<group>"; };
		74372EEF179FC6CF004DB591 /* STPAuthViewController.h */ = {isa = PBXFileReference; fileEncoding = 4; lastKnownFileType = sourcecode.c.h; path = STPAuthViewController.h; sourceTree = "<group>"; };
		74372EF0179FC6CF004DB591 /* STPAuthViewController.m */ = {isa = PBXFileReference; fileEncoding = 4; lastKnownFileType = sourcecode.c.objc; path = STPAuthViewController.m; sourceTree = "<group>"; };
		74372EF4179FC98E004DB591 /* bg-568h@2x.png */ = {isa = PBXFileReference; lastKnownFileType = image.png; path = "bg-568h@2x.png"; sourceTree = "<group>"; };
		74372EF5179FC98E004DB591 /* bg.png */ = {isa = PBXFileReference; lastKnownFileType = image.png; path = bg.png; sourceTree = "<group>"; };
		74372EF6179FC98E004DB591 /* bg@2x.png */ = {isa = PBXFileReference; lastKnownFileType = image.png; path = "bg@2x.png"; sourceTree = "<group>"; };
		74372EFA179FCD7E004DB591 /* input_field_bg.png */ = {isa = PBXFileReference; lastKnownFileType = image.png; path = input_field_bg.png; sourceTree = "<group>"; };
		74372EFB179FCD7E004DB591 /* input_field_bg@2x.png */ = {isa = PBXFileReference; lastKnownFileType = image.png; path = "input_field_bg@2x.png"; sourceTree = "<group>"; };
		74372EFE179FCE9E004DB591 /* submit.png */ = {isa = PBXFileReference; lastKnownFileType = image.png; path = submit.png; sourceTree = "<group>"; };
		74372EFF179FCE9E004DB591 /* submit@2x.png */ = {isa = PBXFileReference; lastKnownFileType = image.png; path = "submit@2x.png"; sourceTree = "<group>"; };
		74372F12179FD41C004DB591 /* QuartzCore.framework */ = {isa = PBXFileReference; lastKnownFileType = wrapper.framework; name = QuartzCore.framework; path = System/Library/Frameworks/QuartzCore.framework; sourceTree = SDKROOT; };
		74372F16179FD6CD004DB591 /* STPSignUpViewController.h */ = {isa = PBXFileReference; fileEncoding = 4; lastKnownFileType = sourcecode.c.h; path = STPSignUpViewController.h; sourceTree = "<group>"; };
		74372F17179FD6CD004DB591 /* STPSignUpViewController.m */ = {isa = PBXFileReference; fileEncoding = 4; lastKnownFileType = sourcecode.c.objc; path = STPSignUpViewController.m; sourceTree = "<group>"; };
		74372F4C179FDADA004DB591 /* STPHomeViewController.h */ = {isa = PBXFileReference; fileEncoding = 4; lastKnownFileType = sourcecode.c.h; path = STPHomeViewController.h; sourceTree = "<group>"; };
		74372F4D179FDADA004DB591 /* STPHomeViewController.m */ = {isa = PBXFileReference; fileEncoding = 4; lastKnownFileType = sourcecode.c.objc; path = STPHomeViewController.m; sourceTree = "<group>"; };
		74372F4F179FE341004DB591 /* back_button.png */ = {isa = PBXFileReference; lastKnownFileType = image.png; path = back_button.png; sourceTree = "<group>"; };
		74372F50179FE341004DB591 /* back_button@2x.png */ = {isa = PBXFileReference; lastKnownFileType = image.png; path = "back_button@2x.png"; sourceTree = "<group>"; };
		74372F53179FF067004DB591 /* RestKit.xcodeproj */ = {isa = PBXFileReference; lastKnownFileType = "wrapper.pb-project"; name = RestKit.xcodeproj; path = RestKit/RestKit.xcodeproj; sourceTree = "<group>"; };
		74372F65179FF141004DB591 /* CFNetwork.framework */ = {isa = PBXFileReference; lastKnownFileType = wrapper.framework; name = CFNetwork.framework; path = System/Library/Frameworks/CFNetwork.framework; sourceTree = SDKROOT; };
		74372F67179FF148004DB591 /* CoreData.framework */ = {isa = PBXFileReference; lastKnownFileType = wrapper.framework; name = CoreData.framework; path = System/Library/Frameworks/CoreData.framework; sourceTree = SDKROOT; };
		74372F69179FF150004DB591 /* MobileCoreServices.framework */ = {isa = PBXFileReference; lastKnownFileType = wrapper.framework; name = MobileCoreServices.framework; path = System/Library/Frameworks/MobileCoreServices.framework; sourceTree = SDKROOT; };
		74372F6B179FF158004DB591 /* Security.framework */ = {isa = PBXFileReference; lastKnownFileType = wrapper.framework; name = Security.framework; path = System/Library/Frameworks/Security.framework; sourceTree = SDKROOT; };
		74372F6D179FF15D004DB591 /* SystemConfiguration.framework */ = {isa = PBXFileReference; lastKnownFileType = wrapper.framework; name = SystemConfiguration.framework; path = System/Library/Frameworks/SystemConfiguration.framework; sourceTree = SDKROOT; };
		74372F71179FF2DD004DB591 /* Constants.h */ = {isa = PBXFileReference; lastKnownFileType = sourcecode.c.h; path = Constants.h; sourceTree = "<group>"; };
		74372F79179FF3E5004DB591 /* STPErrorInfo.h */ = {isa = PBXFileReference; fileEncoding = 4; lastKnownFileType = sourcecode.c.h; path = STPErrorInfo.h; sourceTree = "<group>"; };
		74372F7A179FF3E5004DB591 /* STPErrorInfo.m */ = {isa = PBXFileReference; fileEncoding = 4; lastKnownFileType = sourcecode.c.objc; path = STPErrorInfo.m; sourceTree = "<group>"; };
		74372F7D179FF3FF004DB591 /* STPDataModel.xcdatamodel */ = {isa = PBXFileReference; lastKnownFileType = wrapper.xcdatamodel; path = STPDataModel.xcdatamodel; sourceTree = "<group>"; };
		74372F83179FF917004DB591 /* NSString+Utilities.h */ = {isa = PBXFileReference; fileEncoding = 4; lastKnownFileType = sourcecode.c.h; path = "NSString+Utilities.h"; sourceTree = "<group>"; };
		74372F84179FF917004DB591 /* NSString+Utilities.m */ = {isa = PBXFileReference; fileEncoding = 4; lastKnownFileType = sourcecode.c.objc; path = "NSString+Utilities.m"; sourceTree = "<group>"; };
		74372FE617A004D5004DB591 /* STPAuthDelegate.h */ = {isa = PBXFileReference; fileEncoding = 4; lastKnownFileType = sourcecode.c.h; path = STPAuthDelegate.h; sourceTree = "<group>"; };
		74372FEA17A0083E004DB591 /* STPUserInfo.h */ = {isa = PBXFileReference; fileEncoding = 4; lastKnownFileType = sourcecode.c.h; path = STPUserInfo.h; sourceTree = "<group>"; };
		74372FEB17A0083E004DB591 /* STPUserInfo.m */ = {isa = PBXFileReference; fileEncoding = 4; lastKnownFileType = sourcecode.c.objc; path = STPUserInfo.m; sourceTree = "<group>"; };
		74372FF817A010DF004DB591 /* STPProfileViewController.h */ = {isa = PBXFileReference; fileEncoding = 4; lastKnownFileType = sourcecode.c.h; path = STPProfileViewController.h; sourceTree = "<group>"; };
		74372FF917A010DF004DB591 /* STPProfileViewController.m */ = {isa = PBXFileReference; fileEncoding = 4; lastKnownFileType = sourcecode.c.objc; path = STPProfileViewController.m; sourceTree = "<group>"; };
		74372FFC17A03094004DB591 /* bio.png */ = {isa = PBXFileReference; lastKnownFileType = image.png; path = bio.png; sourceTree = "<group>"; };
		74372FFD17A03094004DB591 /* bio@2x.png */ = {isa = PBXFileReference; lastKnownFileType = image.png; path = "bio@2x.png"; sourceTree = "<group>"; };
		74372FFE17A03094004DB591 /* email.png */ = {isa = PBXFileReference; lastKnownFileType = image.png; path = email.png; sourceTree = "<group>"; };
		74372FFF17A03094004DB591 /* email@2x.png */ = {isa = PBXFileReference; lastKnownFileType = image.png; path = "email@2x.png"; sourceTree = "<group>"; };
		7437300017A03094004DB591 /* password.png */ = {isa = PBXFileReference; lastKnownFileType = image.png; path = password.png; sourceTree = "<group>"; };
		7437300117A03094004DB591 /* password@2x.png */ = {isa = PBXFileReference; lastKnownFileType = image.png; path = "password@2x.png"; sourceTree = "<group>"; };
		7437300217A03094004DB591 /* user.png */ = {isa = PBXFileReference; lastKnownFileType = image.png; path = user.png; sourceTree = "<group>"; };
		7437300317A03094004DB591 /* user@2x.png */ = {isa = PBXFileReference; lastKnownFileType = image.png; path = "user@2x.png"; sourceTree = "<group>"; };
		7437300C17A03B73004DB591 /* STPDataProxy.h */ = {isa = PBXFileReference; fileEncoding = 4; lastKnownFileType = sourcecode.c.h; path = STPDataProxy.h; sourceTree = "<group>"; };
		7437300D17A03B73004DB591 /* STPDataProxy.m */ = {isa = PBXFileReference; fileEncoding = 4; lastKnownFileType = sourcecode.c.objc; path = STPDataProxy.m; sourceTree = "<group>"; };
		7437301117A0412D004DB591 /* logout.png */ = {isa = PBXFileReference; lastKnownFileType = image.png; path = logout.png; sourceTree = "<group>"; };
		7437301217A0412D004DB591 /* logout@2x.png */ = {isa = PBXFileReference; lastKnownFileType = image.png; path = "logout@2x.png"; sourceTree = "<group>"; };
		7437301517A056E6004DB591 /* avatar_border.png */ = {isa = PBXFileReference; lastKnownFileType = image.png; path = avatar_border.png; sourceTree = "<group>"; };
		7437301617A056E6004DB591 /* avatar_border@2x.png */ = {isa = PBXFileReference; lastKnownFileType = image.png; path = "avatar_border@2x.png"; sourceTree = "<group>"; };
		7437301917A05947004DB591 /* default_avatar.png */ = {isa = PBXFileReference; lastKnownFileType = image.png; path = default_avatar.png; sourceTree = "<group>"; };
		7437301A17A05947004DB591 /* default_avatar@2x.png */ = {isa = PBXFileReference; lastKnownFileType = image.png; path = "default_avatar@2x.png"; sourceTree = "<group>"; };
		7437301E17A05BD2004DB591 /* DAPageIndicatorView.h */ = {isa = PBXFileReference; fileEncoding = 4; lastKnownFileType = sourcecode.c.h; path = DAPageIndicatorView.h; sourceTree = "<group>"; };
		7437301F17A05BD2004DB591 /* DAPageIndicatorView.m */ = {isa = PBXFileReference; fileEncoding = 4; lastKnownFileType = sourcecode.c.objc; path = DAPageIndicatorView.m; sourceTree = "<group>"; };
		7437302017A05BD2004DB591 /* DAPagesContainer.h */ = {isa = PBXFileReference; fileEncoding = 4; lastKnownFileType = sourcecode.c.h; path = DAPagesContainer.h; sourceTree = "<group>"; };
		7437302117A05BD2004DB591 /* DAPagesContainer.m */ = {isa = PBXFileReference; fileEncoding = 4; lastKnownFileType = sourcecode.c.objc; path = DAPagesContainer.m; sourceTree = "<group>"; };
		7437302217A05BD2004DB591 /* DAPagesContainerTopBar.h */ = {isa = PBXFileReference; fileEncoding = 4; lastKnownFileType = sourcecode.c.h; path = DAPagesContainerTopBar.h; sourceTree = "<group>"; };
		7437302317A05BD2004DB591 /* DAPagesContainerTopBar.m */ = {isa = PBXFileReference; fileEncoding = 4; lastKnownFileType = sourcecode.c.objc; path = DAPagesContainerTopBar.m; sourceTree = "<group>"; };
/* End PBXFileReference section */

/* Begin PBXFrameworksBuildPhase section */
		74372EC0179FC547004DB591 /* Frameworks */ = {
			isa = PBXFrameworksBuildPhase;
			buildActionMask = 2147483647;
			files = (
				74372F6E179FF15D004DB591 /* SystemConfiguration.framework in Frameworks */,
				74372F6C179FF158004DB591 /* Security.framework in Frameworks */,
				74372F6A179FF150004DB591 /* MobileCoreServices.framework in Frameworks */,
				74372F68179FF148004DB591 /* CoreData.framework in Frameworks */,
				74372F66179FF141004DB591 /* CFNetwork.framework in Frameworks */,
				74372F64179FF12F004DB591 /* libRestKit.a in Frameworks */,
				74372F13179FD41C004DB591 /* QuartzCore.framework in Frameworks */,
				74372EC7179FC547004DB591 /* UIKit.framework in Frameworks */,
				74372EC9179FC547004DB591 /* Foundation.framework in Frameworks */,
				74372ECB179FC547004DB591 /* CoreGraphics.framework in Frameworks */,
			);
			runOnlyForDeploymentPostprocessing = 0;
		};
/* End PBXFrameworksBuildPhase section */

/* Begin PBXGroup section */
		74372EBA179FC547004DB591 = {
			isa = PBXGroup;
			children = (
				74372ECC179FC547004DB591 /* Sutapu */,
				74372EC5179FC547004DB591 /* Frameworks */,
				74372EC4179FC547004DB591 /* Products */,
			);
			sourceTree = "<group>";
		};
		74372EC4179FC547004DB591 /* Products */ = {
			isa = PBXGroup;
			children = (
				74372EC3179FC547004DB591 /* Sutapu.app */,
			);
			name = Products;
			sourceTree = "<group>";
		};
		74372EC5179FC547004DB591 /* Frameworks */ = {
			isa = PBXGroup;
			children = (
				74372F6D179FF15D004DB591 /* SystemConfiguration.framework */,
				74372F6B179FF158004DB591 /* Security.framework */,
				74372F69179FF150004DB591 /* MobileCoreServices.framework */,
				74372F67179FF148004DB591 /* CoreData.framework */,
				74372F65179FF141004DB591 /* CFNetwork.framework */,
				74372F12179FD41C004DB591 /* QuartzCore.framework */,
				74372EC6179FC547004DB591 /* UIKit.framework */,
				74372EC8179FC547004DB591 /* Foundation.framework */,
				74372ECA179FC547004DB591 /* CoreGraphics.framework */,
			);
			name = Frameworks;
			sourceTree = "<group>";
		};
		74372ECC179FC547004DB591 /* Sutapu */ = {
			isa = PBXGroup;
			children = (
				74372EE9179FC64F004DB591 /* 3rdParty */,
				74372F82179FF917004DB591 /* Categories */,
				74372EED179FC64F004DB591 /* View */,
				74372EEA179FC64F004DB591 /* Controller */,
				74372EEB179FC64F004DB591 /* Model */,
				74372ED5179FC547004DB591 /* STPAppDelegate.h */,
				74372ED6179FC547004DB591 /* STPAppDelegate.m */,
				74372EDE179FC547004DB591 /* MainStoryboard.storyboard */,
				74372EEC179FC64F004DB591 /* Resources */,
				74372ECD179FC547004DB591 /* Supporting Files */,
			);
			path = Sutapu;
			sourceTree = "<group>";
		};
		74372ECD179FC547004DB591 /* Supporting Files */ = {
			isa = PBXGroup;
			children = (
				74372ECE179FC547004DB591 /* Sutapu-Info.plist */,
				74372ECF179FC547004DB591 /* InfoPlist.strings */,
				74372ED2179FC547004DB591 /* main.m */,
				74372ED4179FC547004DB591 /* Sutapu-Prefix.pch */,
				74372ED8179FC547004DB591 /* Default.png */,
				74372EDA179FC547004DB591 /* Default@2x.png */,
				74372EDC179FC547004DB591 /* Default-568h@2x.png */,
			);
			name = "Supporting Files";
			sourceTree = "<group>";
		};
		74372EE9179FC64F004DB591 /* 3rdParty */ = {
			isa = PBXGroup;
			children = (
				7437301D17A05BD2004DB591 /* DAPagesContainer */,
				74372F53179FF067004DB591 /* RestKit.xcodeproj */,
			);
			path = 3rdParty;
			sourceTree = "<group>";
		};
		74372EEA179FC64F004DB591 /* Controller */ = {
			isa = PBXGroup;
			children = (
				74372F4B179FDACD004DB591 /* Feeds */,
				74372EEE179FC6BD004DB591 /* Auth */,
				74372F15179FD6AE004DB591 /* Signup */,
				74372F14179FD6AE004DB591 /* Profile */,
			);
			path = Controller;
			sourceTree = "<group>";
		};
		74372EEB179FC64F004DB591 /* Model */ = {
			isa = PBXGroup;
			children = (
				74372F71179FF2DD004DB591 /* Constants.h */,
				74372FE617A004D5004DB591 /* STPAuthDelegate.h */,
				74372F74179FF355004DB591 /* DataTypes */,
				74372F72179FF355004DB591 /* DataModel */,
				7437300C17A03B73004DB591 /* STPDataProxy.h */,
				7437300D17A03B73004DB591 /* STPDataProxy.m */,
			);
			path = Model;
			sourceTree = "<group>";
		};
		74372EEC179FC64F004DB591 /* Resources */ = {
			isa = PBXGroup;
			children = (
				74372EF2179FC98E004DB591 /* Images */,
			);
			path = Resources;
			sourceTree = "<group>";
		};
		74372EED179FC64F004DB591 /* View */ = {
			isa = PBXGroup;
			children = (
			);
			path = View;
			sourceTree = "<group>";
		};
		74372EEE179FC6BD004DB591 /* Auth */ = {
			isa = PBXGroup;
			children = (
				74372EEF179FC6CF004DB591 /* STPAuthViewController.h */,
				74372EF0179FC6CF004DB591 /* STPAuthViewController.m */,
			);
			path = Auth;
			sourceTree = "<group>";
		};
		74372EF2179FC98E004DB591 /* Images */ = {
			isa = PBXGroup;
			children = (
				74372FFB17A02F9D004DB591 /* Profile */,
				74372EF3179FC98E004DB591 /* Auth */,
			);
			path = Images;
			sourceTree = "<group>";
		};
		74372EF3179FC98E004DB591 /* Auth */ = {
			isa = PBXGroup;
			children = (
				74372F4F179FE341004DB591 /* back_button.png */,
				74372F50179FE341004DB591 /* back_button@2x.png */,
				74372EFE179FCE9E004DB591 /* submit.png */,
				74372EFF179FCE9E004DB591 /* submit@2x.png */,
				74372EFA179FCD7E004DB591 /* input_field_bg.png */,
				74372EFB179FCD7E004DB591 /* input_field_bg@2x.png */,
				74372EF4179FC98E004DB591 /* bg-568h@2x.png */,
				74372EF5179FC98E004DB591 /* bg.png */,
				74372EF6179FC98E004DB591 /* bg@2x.png */,
			);
			path = Auth;
			sourceTree = "<group>";
		};
		74372F14179FD6AE004DB591 /* Profile */ = {
			isa = PBXGroup;
			children = (
				74372FF817A010DF004DB591 /* STPProfileViewController.h */,
				74372FF917A010DF004DB591 /* STPProfileViewController.m */,
			);
			path = Profile;
			sourceTree = "<group>";
		};
		74372F15179FD6AE004DB591 /* Signup */ = {
			isa = PBXGroup;
			children = (
				74372F16179FD6CD004DB591 /* STPSignUpViewController.h */,
				74372F17179FD6CD004DB591 /* STPSignUpViewController.m */,
			);
			path = Signup;
			sourceTree = "<group>";
		};
		74372F4B179FDACD004DB591 /* Feeds */ = {
			isa = PBXGroup;
			children = (
				74372F4C179FDADA004DB591 /* STPHomeViewController.h */,
				74372F4D179FDADA004DB591 /* STPHomeViewController.m */,
			);
			path = Feeds;
			sourceTree = "<group>";
		};
		74372F54179FF067004DB591 /* Products */ = {
			isa = PBXGroup;
			children = (
				74372F5B179FF067004DB591 /* libRestKit.a */,
				74372F5D179FF067004DB591 /* RestKitTests.octest */,
				74372F5F179FF067004DB591 /* RestKit.framework */,
				74372F61179FF067004DB591 /* RestKitFrameworkTests.octest */,
			);
			name = Products;
			sourceTree = "<group>";
		};
		74372F72179FF355004DB591 /* DataModel */ = {
			isa = PBXGroup;
			children = (
				74372F7C179FF3FF004DB591 /* STPDataModel.xcdatamodeld */,
			);
			path = DataModel;
			sourceTree = "<group>";
		};
		74372F74179FF355004DB591 /* DataTypes */ = {
			isa = PBXGroup;
			children = (
				74372FEA17A0083E004DB591 /* STPUserInfo.h */,
				74372FEB17A0083E004DB591 /* STPUserInfo.m */,
				74372F78179FF3E5004DB591 /* ErrorInfo */,
			);
			path = DataTypes;
			sourceTree = "<group>";
		};
		74372F78179FF3E5004DB591 /* ErrorInfo */ = {
			isa = PBXGroup;
			children = (
				74372F79179FF3E5004DB591 /* STPErrorInfo.h */,
				74372F7A179FF3E5004DB591 /* STPErrorInfo.m */,
			);
			path = ErrorInfo;
			sourceTree = "<group>";
		};
		74372F82179FF917004DB591 /* Categories */ = {
			isa = PBXGroup;
			children = (
				74372F83179FF917004DB591 /* NSString+Utilities.h */,
				74372F84179FF917004DB591 /* NSString+Utilities.m */,
			);
			path = Categories;
			sourceTree = "<group>";
		};
		74372FFB17A02F9D004DB591 /* Profile */ = {
			isa = PBXGroup;
			children = (
				7437301917A05947004DB591 /* default_avatar.png */,
				7437301A17A05947004DB591 /* default_avatar@2x.png */,
				7437301517A056E6004DB591 /* avatar_border.png */,
				7437301617A056E6004DB591 /* avatar_border@2x.png */,
				7437301117A0412D004DB591 /* logout.png */,
				7437301217A0412D004DB591 /* logout@2x.png */,
				74372FFC17A03094004DB591 /* bio.png */,
				74372FFD17A03094004DB591 /* bio@2x.png */,
				74372FFE17A03094004DB591 /* email.png */,
				74372FFF17A03094004DB591 /* email@2x.png */,
				7437300017A03094004DB591 /* password.png */,
				7437300117A03094004DB591 /* password@2x.png */,
				7437300217A03094004DB591 /* user.png */,
				7437300317A03094004DB591 /* user@2x.png */,
			);
			path = Profile;
			sourceTree = "<group>";
		};
		7437301D17A05BD2004DB591 /* DAPagesContainer */ = {
			isa = PBXGroup;
			children = (
				7437301E17A05BD2004DB591 /* DAPageIndicatorView.h */,
				7437301F17A05BD2004DB591 /* DAPageIndicatorView.m */,
				7437302017A05BD2004DB591 /* DAPagesContainer.h */,
				7437302117A05BD2004DB591 /* DAPagesContainer.m */,
				7437302217A05BD2004DB591 /* DAPagesContainerTopBar.h */,
				7437302317A05BD2004DB591 /* DAPagesContainerTopBar.m */,
			);
			path = DAPagesContainer;
			sourceTree = "<group>";
		};
/* End PBXGroup section */

/* Begin PBXNativeTarget section */
		74372EC2179FC547004DB591 /* Sutapu */ = {
			isa = PBXNativeTarget;
			buildConfigurationList = 74372EE6179FC547004DB591 /* Build configuration list for PBXNativeTarget "Sutapu" */;
			buildPhases = (
				74372EBF179FC547004DB591 /* Sources */,
				74372EC0179FC547004DB591 /* Frameworks */,
				74372EC1179FC547004DB591 /* Resources */,
			);
			buildRules = (
			);
			dependencies = (
				74372F63179FF126004DB591 /* PBXTargetDependency */,
			);
			name = Sutapu;
			productName = Sutapu;
			productReference = 74372EC3179FC547004DB591 /* Sutapu.app */;
			productType = "com.apple.product-type.application";
		};
/* End PBXNativeTarget section */

/* Begin PBXProject section */
		74372EBB179FC547004DB591 /* Project object */ = {
			isa = PBXProject;
			attributes = {
				CLASSPREFIX = STP;
				LastUpgradeCheck = 0460;
				ORGANIZATIONNAME = "Yuriy Berdnikov";
			};
			buildConfigurationList = 74372EBE179FC547004DB591 /* Build configuration list for PBXProject "Sutapu" */;
			compatibilityVersion = "Xcode 3.2";
			developmentRegion = English;
			hasScannedForEncodings = 0;
			knownRegions = (
				en,
			);
			mainGroup = 74372EBA179FC547004DB591;
			productRefGroup = 74372EC4179FC547004DB591 /* Products */;
			projectDirPath = "";
			projectReferences = (
				{
					ProductGroup = 74372F54179FF067004DB591 /* Products */;
					ProjectRef = 74372F53179FF067004DB591 /* RestKit.xcodeproj */;
				},
			);
			projectRoot = "";
			targets = (
				74372EC2179FC547004DB591 /* Sutapu */,
			);
		};
/* End PBXProject section */

/* Begin PBXReferenceProxy section */
		74372F5B179FF067004DB591 /* libRestKit.a */ = {
			isa = PBXReferenceProxy;
			fileType = archive.ar;
			path = libRestKit.a;
			remoteRef = 74372F5A179FF067004DB591 /* PBXContainerItemProxy */;
			sourceTree = BUILT_PRODUCTS_DIR;
		};
		74372F5D179FF067004DB591 /* RestKitTests.octest */ = {
			isa = PBXReferenceProxy;
			fileType = wrapper.cfbundle;
			path = RestKitTests.octest;
			remoteRef = 74372F5C179FF067004DB591 /* PBXContainerItemProxy */;
			sourceTree = BUILT_PRODUCTS_DIR;
		};
		74372F5F179FF067004DB591 /* RestKit.framework */ = {
			isa = PBXReferenceProxy;
			fileType = wrapper.framework;
			path = RestKit.framework;
			remoteRef = 74372F5E179FF067004DB591 /* PBXContainerItemProxy */;
			sourceTree = BUILT_PRODUCTS_DIR;
		};
		74372F61179FF067004DB591 /* RestKitFrameworkTests.octest */ = {
			isa = PBXReferenceProxy;
			fileType = wrapper.cfbundle;
			path = RestKitFrameworkTests.octest;
			remoteRef = 74372F60179FF067004DB591 /* PBXContainerItemProxy */;
			sourceTree = BUILT_PRODUCTS_DIR;
		};
/* End PBXReferenceProxy section */

/* Begin PBXResourcesBuildPhase section */
		74372EC1179FC547004DB591 /* Resources */ = {
			isa = PBXResourcesBuildPhase;
			buildActionMask = 2147483647;
			files = (
				74372ED1179FC547004DB591 /* InfoPlist.strings in Resources */,
				74372ED9179FC547004DB591 /* Default.png in Resources */,
				74372EDB179FC547004DB591 /* Default@2x.png in Resources */,
				74372EDD179FC547004DB591 /* Default-568h@2x.png in Resources */,
				74372EE0179FC547004DB591 /* MainStoryboard.storyboard in Resources */,
				74372EF7179FC98E004DB591 /* bg-568h@2x.png in Resources */,
				74372EF8179FC98E004DB591 /* bg.png in Resources */,
				74372EF9179FC98E004DB591 /* bg@2x.png in Resources */,
				74372EFC179FCD7E004DB591 /* input_field_bg.png in Resources */,
				74372EFD179FCD7E004DB591 /* input_field_bg@2x.png in Resources */,
				74372F00179FCE9E004DB591 /* submit.png in Resources */,
				74372F01179FCE9E004DB591 /* submit@2x.png in Resources */,
				74372F51179FE341004DB591 /* back_button.png in Resources */,
				74372F52179FE341004DB591 /* back_button@2x.png in Resources */,
				7437300417A03094004DB591 /* bio.png in Resources */,
				7437300517A03094004DB591 /* bio@2x.png in Resources */,
				7437300617A03094004DB591 /* email.png in Resources */,
				7437300717A03094004DB591 /* email@2x.png in Resources */,
				7437300817A03094004DB591 /* password.png in Resources */,
				7437300917A03094004DB591 /* password@2x.png in Resources */,
				7437300A17A03094004DB591 /* user.png in Resources */,
				7437300B17A03094004DB591 /* user@2x.png in Resources */,
				7437301317A0412D004DB591 /* logout.png in Resources */,
				7437301417A0412D004DB591 /* logout@2x.png in Resources */,
				7437301717A056E6004DB591 /* avatar_border.png in Resources */,
				7437301817A056E6004DB591 /* avatar_border@2x.png in Resources */,
				7437301B17A05947004DB591 /* default_avatar.png in Resources */,
				7437301C17A05947004DB591 /* default_avatar@2x.png in Resources */,
			);
			runOnlyForDeploymentPostprocessing = 0;
		};
/* End PBXResourcesBuildPhase section */

/* Begin PBXSourcesBuildPhase section */
		74372EBF179FC547004DB591 /* Sources */ = {
			isa = PBXSourcesBuildPhase;
			buildActionMask = 2147483647;
			files = (
				74372ED3179FC547004DB591 /* main.m in Sources */,
				74372ED7179FC547004DB591 /* STPAppDelegate.m in Sources */,
				74372EF1179FC6CF004DB591 /* STPAuthViewController.m in Sources */,
				74372F18179FD6CD004DB591 /* STPSignUpViewController.m in Sources */,
				74372F4E179FDADA004DB591 /* STPHomeViewController.m in Sources */,
				74372F7B179FF3E5004DB591 /* STPErrorInfo.m in Sources */,
				74372F7E179FF3FF004DB591 /* STPDataModel.xcdatamodeld in Sources */,
				74372F85179FF917004DB591 /* NSString+Utilities.m in Sources */,
				74372FEC17A0083E004DB591 /* STPUserInfo.m in Sources */,
				74372FFA17A010DF004DB591 /* STPProfileViewController.m in Sources */,
				7437300E17A03B73004DB591 /* STPDataProxy.m in Sources */,
				7437302417A05BD2004DB591 /* DAPageIndicatorView.m in Sources */,
				7437302517A05BD2004DB591 /* DAPagesContainer.m in Sources */,
				7437302617A05BD2004DB591 /* DAPagesContainerTopBar.m in Sources */,
			);
			runOnlyForDeploymentPostprocessing = 0;
		};
/* End PBXSourcesBuildPhase section */

/* Begin PBXTargetDependency section */
		74372F63179FF126004DB591 /* PBXTargetDependency */ = {
			isa = PBXTargetDependency;
			name = RestKit;
			targetProxy = 74372F62179FF126004DB591 /* PBXContainerItemProxy */;
		};
/* End PBXTargetDependency section */

/* Begin PBXVariantGroup section */
		74372ECF179FC547004DB591 /* InfoPlist.strings */ = {
			isa = PBXVariantGroup;
			children = (
				74372ED0179FC547004DB591 /* en */,
			);
			name = InfoPlist.strings;
			sourceTree = "<group>";
		};
		74372EDE179FC547004DB591 /* MainStoryboard.storyboard */ = {
			isa = PBXVariantGroup;
			children = (
				74372EDF179FC547004DB591 /* en */,
			);
			name = MainStoryboard.storyboard;
			sourceTree = "<group>";
		};
/* End PBXVariantGroup section */

/* Begin XCBuildConfiguration section */
		74372EE4179FC547004DB591 /* Debug */ = {
			isa = XCBuildConfiguration;
			buildSettings = {
				ALWAYS_SEARCH_USER_PATHS = NO;
				CLANG_CXX_LANGUAGE_STANDARD = "gnu++0x";
				CLANG_CXX_LIBRARY = "libc++";
				CLANG_ENABLE_OBJC_ARC = YES;
				CLANG_WARN_CONSTANT_CONVERSION = YES;
				CLANG_WARN_EMPTY_BODY = YES;
				CLANG_WARN_ENUM_CONVERSION = YES;
				CLANG_WARN_INT_CONVERSION = YES;
				CLANG_WARN__DUPLICATE_METHOD_MATCH = YES;
				"CODE_SIGN_IDENTITY[sdk=iphoneos*]" = "iPhone Developer";
				COPY_PHASE_STRIP = NO;
				GCC_C_LANGUAGE_STANDARD = gnu99;
				GCC_DYNAMIC_NO_PIC = NO;
				GCC_OPTIMIZATION_LEVEL = 0;
				GCC_PREPROCESSOR_DEFINITIONS = (
					"DEBUG=1",
					"$(inherited)",
				);
				GCC_SYMBOLS_PRIVATE_EXTERN = NO;
				GCC_TREAT_WARNINGS_AS_ERRORS = YES;
				GCC_WARN_ABOUT_RETURN_TYPE = YES;
				GCC_WARN_UNINITIALIZED_AUTOS = YES;
				GCC_WARN_UNUSED_VARIABLE = YES;
				IPHONEOS_DEPLOYMENT_TARGET = 6.1;
				ONLY_ACTIVE_ARCH = YES;
				SDKROOT = iphoneos;
			};
			name = Debug;
		};
		74372EE5179FC547004DB591 /* Release */ = {
			isa = XCBuildConfiguration;
			buildSettings = {
				ALWAYS_SEARCH_USER_PATHS = NO;
				CLANG_CXX_LANGUAGE_STANDARD = "gnu++0x";
				CLANG_CXX_LIBRARY = "libc++";
				CLANG_ENABLE_OBJC_ARC = YES;
				CLANG_WARN_CONSTANT_CONVERSION = YES;
				CLANG_WARN_EMPTY_BODY = YES;
				CLANG_WARN_ENUM_CONVERSION = YES;
				CLANG_WARN_INT_CONVERSION = YES;
				CLANG_WARN__DUPLICATE_METHOD_MATCH = YES;
				"CODE_SIGN_IDENTITY[sdk=iphoneos*]" = "iPhone Developer";
				COPY_PHASE_STRIP = YES;
				GCC_C_LANGUAGE_STANDARD = gnu99;
				GCC_TREAT_WARNINGS_AS_ERRORS = YES;
				GCC_WARN_ABOUT_RETURN_TYPE = YES;
				GCC_WARN_UNINITIALIZED_AUTOS = YES;
				GCC_WARN_UNUSED_VARIABLE = YES;
				IPHONEOS_DEPLOYMENT_TARGET = 6.1;
				OTHER_CFLAGS = "-DNS_BLOCK_ASSERTIONS=1";
				SDKROOT = iphoneos;
				VALIDATE_PRODUCT = YES;
			};
			name = Release;
		};
		74372EE7179FC547004DB591 /* Debug */ = {
			isa = XCBuildConfiguration;
			buildSettings = {
				GCC_PRECOMPILE_PREFIX_HEADER = YES;
				GCC_PREFIX_HEADER = "Sutapu/Sutapu-Prefix.pch";
				GCC_TREAT_WARNINGS_AS_ERRORS = YES;
				HEADER_SEARCH_PATHS = "\"$(BUILT_PRODUCTS_DIR)/../../Headers\"";
				INFOPLIST_FILE = "Sutapu/Sutapu-Info.plist";
				IPHONEOS_DEPLOYMENT_TARGET = 6.0;
				OTHER_LDFLAGS = "-ObjC";
				PRODUCT_NAME = "$(TARGET_NAME)";
				WRAPPER_EXTENSION = app;
			};
			name = Debug;
		};
		74372EE8179FC547004DB591 /* Release */ = {
			isa = XCBuildConfiguration;
			buildSettings = {
				GCC_PRECOMPILE_PREFIX_HEADER = YES;
				GCC_PREFIX_HEADER = "Sutapu/Sutapu-Prefix.pch";
				GCC_TREAT_WARNINGS_AS_ERRORS = YES;
				HEADER_SEARCH_PATHS = "\"$(BUILT_PRODUCTS_DIR)/../../Headers\"";
				INFOPLIST_FILE = "Sutapu/Sutapu-Info.plist";
				IPHONEOS_DEPLOYMENT_TARGET = 6.0;
				PRODUCT_NAME = "$(TARGET_NAME)";
				WRAPPER_EXTENSION = app;
			};
			name = Release;
		};
/* End XCBuildConfiguration section */

/* Begin XCConfigurationList section */
		74372EBE179FC547004DB591 /* Build configuration list for PBXProject "Sutapu" */ = {
			isa = XCConfigurationList;
			buildConfigurations = (
				74372EE4179FC547004DB591 /* Debug */,
				74372EE5179FC547004DB591 /* Release */,
			);
			defaultConfigurationIsVisible = 0;
			defaultConfigurationName = Release;
		};
		74372EE6179FC547004DB591 /* Build configuration list for PBXNativeTarget "Sutapu" */ = {
			isa = XCConfigurationList;
			buildConfigurations = (
				74372EE7179FC547004DB591 /* Debug */,
				74372EE8179FC547004DB591 /* Release */,
			);
			defaultConfigurationIsVisible = 0;
		};
/* End XCConfigurationList section */

/* Begin XCVersionGroup section */
		74372F7C179FF3FF004DB591 /* STPDataModel.xcdatamodeld */ = {
			isa = XCVersionGroup;
			children = (
				74372F7D179FF3FF004DB591 /* STPDataModel.xcdatamodel */,
			);
			currentVersion = 74372F7D179FF3FF004DB591 /* STPDataModel.xcdatamodel */;
			path = STPDataModel.xcdatamodeld;
			sourceTree = "<group>";
			versionGroupType = wrapper.xcdatamodel;
		};
/* End XCVersionGroup section */
	};
	rootObject = 74372EBB179FC547004DB591 /* Project object */;
}
